// !$*UTF8*$!
{
	archiveVersion = 1;
	classes = {
	};
	objectVersion = 48;
	objects = {

/* Begin PBXBuildFile section */
		471330D921BE781300483CDC /* MBProgressHUD.m in Sources */ = {isa = PBXBuildFile; fileRef = 471330D521BE781300483CDC /* MBProgressHUD.m */; };
		CE0797BA20805C2E001D02C3 /* main.m in Sources */ = {isa = PBXBuildFile; fileRef = CE6C5CCE202DA6A90033B8EE /* main.m */; };
		CE35DB642105864800176A41 /* NSLayoutConstraint+MASDebugAdditions.m in Sources */ = {isa = PBXBuildFile; fileRef = CE35DB142105864800176A41 /* NSLayoutConstraint+MASDebugAdditions.m */; };
		CE35DB652105864800176A41 /* ViewController+MASAdditions.m in Sources */ = {isa = PBXBuildFile; fileRef = CE35DB1D2105864800176A41 /* ViewController+MASAdditions.m */; };
		CE35DB662105864800176A41 /* MASCompositeConstraint.m in Sources */ = {isa = PBXBuildFile; fileRef = CE35DB212105864800176A41 /* MASCompositeConstraint.m */; };
		CE35DB672105864800176A41 /* MASConstraintMaker.m in Sources */ = {isa = PBXBuildFile; fileRef = CE35DB222105864800176A41 /* MASConstraintMaker.m */; };
		CE35DB682105864800176A41 /* MASLayoutConstraint.m in Sources */ = {isa = PBXBuildFile; fileRef = CE35DB232105864800176A41 /* MASLayoutConstraint.m */; };
		CE35DB692105864800176A41 /* NSArray+MASAdditions.m in Sources */ = {isa = PBXBuildFile; fileRef = CE35DB242105864800176A41 /* NSArray+MASAdditions.m */; };
		CE35DB6A2105864800176A41 /* View+MASAdditions.m in Sources */ = {isa = PBXBuildFile; fileRef = CE35DB252105864800176A41 /* View+MASAdditions.m */; };
		CE35DB6B2105864800176A41 /* MASConstraint.m in Sources */ = {isa = PBXBuildFile; fileRef = CE35DB282105864800176A41 /* MASConstraint.m */; };
		CE35DB6C2105864800176A41 /* MASViewConstraint.m in Sources */ = {isa = PBXBuildFile; fileRef = CE35DB2A2105864800176A41 /* MASViewConstraint.m */; };
		CE35DB6D2105864800176A41 /* MASViewAttribute.m in Sources */ = {isa = PBXBuildFile; fileRef = CE35DB2B2105864800176A41 /* MASViewAttribute.m */; };
		CE35DB6F2105864800176A41 /* CKKeyboard.m in Sources */ = {isa = PBXBuildFile; fileRef = CE35DB302105864800176A41 /* CKKeyboard.m */; };
		CE35DB702105864800176A41 /* UIImage+Utils.m in Sources */ = {isa = PBXBuildFile; fileRef = CE35DB352105864800176A41 /* UIImage+Utils.m */; };
		CE35DB712105864800176A41 /* NSString+Utils.m in Sources */ = {isa = PBXBuildFile; fileRef = CE35DB362105864800176A41 /* NSString+Utils.m */; };
		CE35DB722105864800176A41 /* UIView+Extension.m in Sources */ = {isa = PBXBuildFile; fileRef = CE35DB372105864800176A41 /* UIView+Extension.m */; };
		CE35DB732105864800176A41 /* AppDelegate.m in Sources */ = {isa = PBXBuildFile; fileRef = CE35DB3C2105864800176A41 /* AppDelegate.m */; };
		CE35DB742105864800176A41 /* TFImagePicker.m in Sources */ = {isa = PBXBuildFile; fileRef = CE35DB412105864800176A41 /* TFImagePicker.m */; };
		CE35DB752105864800176A41 /* TFImageCropViewController.m in Sources */ = {isa = PBXBuildFile; fileRef = CE35DB432105864800176A41 /* TFImageCropViewController.m */; };
		CE35DB762105864800176A41 /* TFCameraViewController.m in Sources */ = {isa = PBXBuildFile; fileRef = CE35DB442105864800176A41 /* TFCameraViewController.m */; };
		CE35DB772105864800176A41 /* TFImageScrollView.m in Sources */ = {isa = PBXBuildFile; fileRef = CE35DB492105864800176A41 /* TFImageScrollView.m */; };
		CE35DB782105864800176A41 /* TFRootCameraViewController.m in Sources */ = {isa = PBXBuildFile; fileRef = CE35DB4B2105864800176A41 /* TFRootCameraViewController.m */; };
		CE35DB792105864800176A41 /* flashOpen@3x.png in Resources */ = {isa = PBXBuildFile; fileRef = CE35DB4D2105864800176A41 /* flashOpen@3x.png */; };
		CE35DB7A2105864800176A41 /* photograph_Select@3x.png in Resources */ = {isa = PBXBuildFile; fileRef = CE35DB4E2105864800176A41 /* photograph_Select@3x.png */; };
		CE35DB7B2105864800176A41 /* photograph_Select@2x.png in Resources */ = {isa = PBXBuildFile; fileRef = CE35DB4F2105864800176A41 /* photograph_Select@2x.png */; };
		CE35DB7C2105864800176A41 /* flashOpen@2x.png in Resources */ = {isa = PBXBuildFile; fileRef = CE35DB502105864800176A41 /* flashOpen@2x.png */; };
		CE35DB7D2105864800176A41 /* changeCamera@2x.png in Resources */ = {isa = PBXBuildFile; fileRef = CE35DB512105864800176A41 /* changeCamera@2x.png */; };
		CE35DB7E2105864800176A41 /* changeCamera@3x.png in Resources */ = {isa = PBXBuildFile; fileRef = CE35DB522105864800176A41 /* changeCamera@3x.png */; };
		CE35DB7F2105864800176A41 /* flash@2x.png in Resources */ = {isa = PBXBuildFile; fileRef = CE35DB532105864800176A41 /* flash@2x.png */; };
		CE35DB802105864800176A41 /* photograph@3x.png in Resources */ = {isa = PBXBuildFile; fileRef = CE35DB542105864800176A41 /* photograph@3x.png */; };
		CE35DB812105864800176A41 /* photograph@2x.png in Resources */ = {isa = PBXBuildFile; fileRef = CE35DB552105864800176A41 /* photograph@2x.png */; };
		CE35DB822105864800176A41 /* flash@3x.png in Resources */ = {isa = PBXBuildFile; fileRef = CE35DB562105864800176A41 /* flash@3x.png */; };
		CE35DB832105864800176A41 /* focus@3x.png in Resources */ = {isa = PBXBuildFile; fileRef = CE35DB572105864800176A41 /* focus@3x.png */; };
		CE35DB842105864800176A41 /* tf_default.jpg in Resources */ = {isa = PBXBuildFile; fileRef = CE35DB582105864800176A41 /* tf_default.jpg */; };
		CE35DB852105864800176A41 /* focus@2x.png in Resources */ = {isa = PBXBuildFile; fileRef = CE35DB592105864800176A41 /* focus@2x.png */; };
		CE35DB862105864800176A41 /* ZDSliderPickerView.m in Sources */ = {isa = PBXBuildFile; fileRef = CE35DB5D2105864800176A41 /* ZDSliderPickerView.m */; };
		CE35DB872105864800176A41 /* HRScaleSlideViewController.m in Sources */ = {isa = PBXBuildFile; fileRef = CE35DB5E2105864800176A41 /* HRScaleSlideViewController.m */; };
		CE35DB882105864800176A41 /* TFPayViewController.m in Sources */ = {isa = PBXBuildFile; fileRef = CE35DB602105864800176A41 /* TFPayViewController.m */; };
		CE35DB892105864800176A41 /* HRPayTextField.m in Sources */ = {isa = PBXBuildFile; fileRef = CE35DB612105864800176A41 /* HRPayTextField.m */; };
		CE35DB8F2105A8A800176A41 /* HRRootTababarViewController.m in Sources */ = {isa = PBXBuildFile; fileRef = CE35DB8E2105A8A800176A41 /* HRRootTababarViewController.m */; };
		CE35DB922105A8EE00176A41 /* HRTabbar.m in Sources */ = {isa = PBXBuildFile; fileRef = CE35DB912105A8EE00176A41 /* HRTabbar.m */; };
		CE35DB9A2107286900176A41 /* HomeViewController.m in Sources */ = {isa = PBXBuildFile; fileRef = CE35DB992107286900176A41 /* HomeViewController.m */; };
		CE35DB9D2107287E00176A41 /* HomeSubViewController.m in Sources */ = {isa = PBXBuildFile; fileRef = CE35DB9C2107287E00176A41 /* HomeSubViewController.m */; };
		CE35DBA221072A7700176A41 /* BaseViewController.m in Sources */ = {isa = PBXBuildFile; fileRef = CE35DBA121072A7700176A41 /* BaseViewController.m */; };
		CE35DBA7210819D000176A41 /* HRNavigationController.m in Sources */ = {isa = PBXBuildFile; fileRef = CE35DBA6210819D000176A41 /* HRNavigationController.m */; };
		CE35DBAC210967AC00176A41 /* HomeSubView.m in Sources */ = {isa = PBXBuildFile; fileRef = CE35DBAB210967AC00176A41 /* HomeSubView.m */; };
		CE47B5F621129B71006F9D5F /* UINavigationController+HRTranition.m in Sources */ = {isa = PBXBuildFile; fileRef = CE47B5F521129B71006F9D5F /* UINavigationController+HRTranition.m */; };
		CE4A215E215C70BC0078D687 /* circularOverduBills.json in Resources */ = {isa = PBXBuildFile; fileRef = CE4A215D215C70BC0078D687 /* circularOverduBills.json */; };
		CE58C4D1211929BA00DC6F2D /* HRCalendarViewController.m in Sources */ = {isa = PBXBuildFile; fileRef = CE58C4D0211929BA00DC6F2D /* HRCalendarViewController.m */; };
		CE683C752138DF7D00CF6C57 /* HRCircularLoanBillsDetailViewController.m in Sources */ = {isa = PBXBuildFile; fileRef = CE683C742138DF7D00CF6C57 /* HRCircularLoanBillsDetailViewController.m */; };
		CE683C782138DFD600CF6C57 /* HRCircularLoanBillDetailCell.m in Sources */ = {isa = PBXBuildFile; fileRef = CE683C772138DFD600CF6C57 /* HRCircularLoanBillDetailCell.m */; };
		CE683C7C2138EC8B00CF6C57 /* HRCircularLoanBillsDetailModel.m in Sources */ = {isa = PBXBuildFile; fileRef = CE683C7B2138EC8B00CF6C57 /* HRCircularLoanBillsDetailModel.m */; };
		CE683CB4214BA66400CF6C57 /* LICENSE in Resources */ = {isa = PBXBuildFile; fileRef = CE683C8F214BA66400CF6C57 /* LICENSE */; };
		CE683CB5214BA66400CF6C57 /* README.md in Resources */ = {isa = PBXBuildFile; fileRef = CE683C90214BA66400CF6C57 /* README.md */; };
		CE683CB6214BA66400CF6C57 /* UIProgressView+AFNetworking.m in Sources */ = {isa = PBXBuildFile; fileRef = CE683C92214BA66400CF6C57 /* UIProgressView+AFNetworking.m */; };
		CE683CB7214BA66400CF6C57 /* UIRefreshControl+AFNetworking.m in Sources */ = {isa = PBXBuildFile; fileRef = CE683C94214BA66400CF6C57 /* UIRefreshControl+AFNetworking.m */; };
		CE683CB8214BA66400CF6C57 /* AFNetworkActivityIndicatorManager.m in Sources */ = {isa = PBXBuildFile; fileRef = CE683C97214BA66400CF6C57 /* AFNetworkActivityIndicatorManager.m */; };
		CE683CB9214BA66400CF6C57 /* UIImageView+AFNetworking.m in Sources */ = {isa = PBXBuildFile; fileRef = CE683C9D214BA66400CF6C57 /* UIImageView+AFNetworking.m */; };
		CE683CBA214BA66400CF6C57 /* UIButton+AFNetworking.m in Sources */ = {isa = PBXBuildFile; fileRef = CE683CA0214BA66400CF6C57 /* UIButton+AFNetworking.m */; };
		CE683CBB214BA66400CF6C57 /* UIActivityIndicatorView+AFNetworking.m in Sources */ = {isa = PBXBuildFile; fileRef = CE683CA1214BA66400CF6C57 /* UIActivityIndicatorView+AFNetworking.m */; };
		CE683CBC214BA66400CF6C57 /* UIWebView+AFNetworking.m in Sources */ = {isa = PBXBuildFile; fileRef = CE683CA2214BA66400CF6C57 /* UIWebView+AFNetworking.m */; };
		CE683CBD214BA66400CF6C57 /* AFAutoPurgingImageCache.m in Sources */ = {isa = PBXBuildFile; fileRef = CE683CA3214BA66400CF6C57 /* AFAutoPurgingImageCache.m */; };
		CE683CBE214BA66400CF6C57 /* AFImageDownloader.m in Sources */ = {isa = PBXBuildFile; fileRef = CE683CA5214BA66400CF6C57 /* AFImageDownloader.m */; };
		CE683CBF214BA66400CF6C57 /* AFURLResponseSerialization.m in Sources */ = {isa = PBXBuildFile; fileRef = CE683CAB214BA66400CF6C57 /* AFURLResponseSerialization.m */; };
		CE683CC0214BA66400CF6C57 /* AFHTTPSessionManager.m in Sources */ = {isa = PBXBuildFile; fileRef = CE683CAC214BA66400CF6C57 /* AFHTTPSessionManager.m */; };
		CE683CC1214BA66400CF6C57 /* AFURLSessionManager.m in Sources */ = {isa = PBXBuildFile; fileRef = CE683CAE214BA66400CF6C57 /* AFURLSessionManager.m */; };
		CE683CC2214BA66400CF6C57 /* AFURLRequestSerialization.m in Sources */ = {isa = PBXBuildFile; fileRef = CE683CAF214BA66400CF6C57 /* AFURLRequestSerialization.m */; };
		CE683CC3214BA66400CF6C57 /* AFNetworkReachabilityManager.m in Sources */ = {isa = PBXBuildFile; fileRef = CE683CB1214BA66400CF6C57 /* AFNetworkReachabilityManager.m */; };
		CE683CC4214BA66400CF6C57 /* AFSecurityPolicy.m in Sources */ = {isa = PBXBuildFile; fileRef = CE683CB2214BA66400CF6C57 /* AFSecurityPolicy.m */; };
		CE683CC7214BA74900CF6C57 /* HRNetworking.m in Sources */ = {isa = PBXBuildFile; fileRef = CE683CC6214BA74900CF6C57 /* HRNetworking.m */; };
		CE683CD921523C4800CF6C57 /* YYDiskCache.m in Sources */ = {isa = PBXBuildFile; fileRef = CE683CCB21523C4800CF6C57 /* YYDiskCache.m */; };
		CE683CDA21523C4800CF6C57 /* YYCache.m in Sources */ = {isa = PBXBuildFile; fileRef = CE683CCD21523C4800CF6C57 /* YYCache.m */; };
		CE683CDB21523C4800CF6C57 /* YYKVStorage.m in Sources */ = {isa = PBXBuildFile; fileRef = CE683CD121523C4800CF6C57 /* YYKVStorage.m */; };
		CE683CDC21523C4800CF6C57 /* YYMemoryCache.m in Sources */ = {isa = PBXBuildFile; fileRef = CE683CD221523C4800CF6C57 /* YYMemoryCache.m */; };
		CE683CDD21523C4800CF6C57 /* NSObject+YYModel.m in Sources */ = {isa = PBXBuildFile; fileRef = CE683CD621523C4800CF6C57 /* NSObject+YYModel.m */; };
		CE683CDE21523C4800CF6C57 /* YYClassInfo.m in Sources */ = {isa = PBXBuildFile; fileRef = CE683CD721523C4800CF6C57 /* YYClassInfo.m */; };
		CE683CE22152429C00CF6C57 /* NSObject+Additions.m in Sources */ = {isa = PBXBuildFile; fileRef = CE683CE12152429C00CF6C57 /* NSObject+Additions.m */; };
		CE683CE62152432700CF6C57 /* HRGlobalData.m in Sources */ = {isa = PBXBuildFile; fileRef = CE683CE52152432700CF6C57 /* HRGlobalData.m */; };
		CE6C5CC7202DA6A80033B8EE /* Main.storyboard in Resources */ = {isa = PBXBuildFile; fileRef = CE6C5CC5202DA6A80033B8EE /* Main.storyboard */; };
		CE6C5CC9202DA6A80033B8EE /* Assets.xcassets in Resources */ = {isa = PBXBuildFile; fileRef = CE6C5CC8202DA6A80033B8EE /* Assets.xcassets */; };
		CE6C5CCC202DA6A80033B8EE /* LaunchScreen.storyboard in Resources */ = {isa = PBXBuildFile; fileRef = CE6C5CCA202DA6A80033B8EE /* LaunchScreen.storyboard */; };
		CE864017215F501F0045BD88 /* circularEarlyBills.json in Resources */ = {isa = PBXBuildFile; fileRef = CE864015215F501F0045BD88 /* circularEarlyBills.json */; };
		CE864018215F501F0045BD88 /* circularCurrentBills.json in Resources */ = {isa = PBXBuildFile; fileRef = CE864016215F501F0045BD88 /* circularCurrentBills.json */; };
		CEB4B67D216AF53300C1A336 /* GreateModel.m in Sources */ = {isa = PBXBuildFile; fileRef = CEB4B67C216AF53300C1A336 /* GreateModel.m */; };
		CEB4B680216AF54A00C1A336 /* StudentModel.m in Sources */ = {isa = PBXBuildFile; fileRef = CEB4B67F216AF54A00C1A336 /* StudentModel.m */; };
		CEB4B683216AF55D00C1A336 /* ClassModel.m in Sources */ = {isa = PBXBuildFile; fileRef = CEB4B682216AF55D00C1A336 /* ClassModel.m */; };
		CEB4B685216AFB3100C1A336 /* GreateJson.json in Resources */ = {isa = PBXBuildFile; fileRef = CEB4B684216AFB3100C1A336 /* GreateJson.json */; };
		CEB4B688217423A600C1A336 /* HRNavigationBar.m in Sources */ = {isa = PBXBuildFile; fileRef = CEB4B687217423A600C1A336 /* HRNavigationBar.m */; };
		CEEF0D2C20745A3B00B422F2 /* ViewController.m in Sources */ = {isa = PBXBuildFile; fileRef = CE6C5CC3202DA6A80033B8EE /* ViewController.m */; };
/* End PBXBuildFile section */

/* Begin PBXFileReference section */
		471330D521BE781300483CDC /* MBProgressHUD.m */ = {isa = PBXFileReference; fileEncoding = 4; lastKnownFileType = sourcecode.c.objc; path = MBProgressHUD.m; sourceTree = "<group>"; };
		471330D721BE781300483CDC /* MBProgressHUD.h */ = {isa = PBXFileReference; fileEncoding = 4; lastKnownFileType = sourcecode.c.h; path = MBProgressHUD.h; sourceTree = "<group>"; };
		CE35DB132105864800176A41 /* MASCompositeConstraint.h */ = {isa = PBXFileReference; fileEncoding = 4; lastKnownFileType = sourcecode.c.h; path = MASCompositeConstraint.h; sourceTree = "<group>"; };
		CE35DB142105864800176A41 /* NSLayoutConstraint+MASDebugAdditions.m */ = {isa = PBXFileReference; fileEncoding = 4; lastKnownFileType = sourcecode.c.objc; path = "NSLayoutConstraint+MASDebugAdditions.m"; sourceTree = "<group>"; };
		CE35DB152105864800176A41 /* MASConstraint+Private.h */ = {isa = PBXFileReference; fileEncoding = 4; lastKnownFileType = sourcecode.c.h; path = "MASConstraint+Private.h"; sourceTree = "<group>"; };
		CE35DB162105864800176A41 /* MASLayoutConstraint.h */ = {isa = PBXFileReference; fileEncoding = 4; lastKnownFileType = sourcecode.c.h; path = MASLayoutConstraint.h; sourceTree = "<group>"; };
		CE35DB172105864800176A41 /* NSArray+MASShorthandAdditions.h */ = {isa = PBXFileReference; fileEncoding = 4; lastKnownFileType = sourcecode.c.h; path = "NSArray+MASShorthandAdditions.h"; sourceTree = "<group>"; };
		CE35DB182105864800176A41 /* MASConstraintMaker.h */ = {isa = PBXFileReference; fileEncoding = 4; lastKnownFileType = sourcecode.c.h; path = MASConstraintMaker.h; sourceTree = "<group>"; };
		CE35DB192105864800176A41 /* View+MASAdditions.h */ = {isa = PBXFileReference; fileEncoding = 4; lastKnownFileType = sourcecode.c.h; path = "View+MASAdditions.h"; sourceTree = "<group>"; };
		CE35DB1A2105864800176A41 /* NSArray+MASAdditions.h */ = {isa = PBXFileReference; fileEncoding = 4; lastKnownFileType = sourcecode.c.h; path = "NSArray+MASAdditions.h"; sourceTree = "<group>"; };
		CE35DB1B2105864800176A41 /* MASUtilities.h */ = {isa = PBXFileReference; fileEncoding = 4; lastKnownFileType = sourcecode.c.h; path = MASUtilities.h; sourceTree = "<group>"; };
		CE35DB1C2105864800176A41 /* MASViewAttribute.h */ = {isa = PBXFileReference; fileEncoding = 4; lastKnownFileType = sourcecode.c.h; path = MASViewAttribute.h; sourceTree = "<group>"; };
		CE35DB1D2105864800176A41 /* ViewController+MASAdditions.m */ = {isa = PBXFileReference; fileEncoding = 4; lastKnownFileType = sourcecode.c.objc; path = "ViewController+MASAdditions.m"; sourceTree = "<group>"; };
		CE35DB1E2105864800176A41 /* MASViewConstraint.h */ = {isa = PBXFileReference; fileEncoding = 4; lastKnownFileType = sourcecode.c.h; path = MASViewConstraint.h; sourceTree = "<group>"; };
		CE35DB1F2105864800176A41 /* MASConstraint.h */ = {isa = PBXFileReference; fileEncoding = 4; lastKnownFileType = sourcecode.c.h; path = MASConstraint.h; sourceTree = "<group>"; };
		CE35DB202105864800176A41 /* NSLayoutConstraint+MASDebugAdditions.h */ = {isa = PBXFileReference; fileEncoding = 4; lastKnownFileType = sourcecode.c.h; path = "NSLayoutConstraint+MASDebugAdditions.h"; sourceTree = "<group>"; };
		CE35DB212105864800176A41 /* MASCompositeConstraint.m */ = {isa = PBXFileReference; fileEncoding = 4; lastKnownFileType = sourcecode.c.objc; path = MASCompositeConstraint.m; sourceTree = "<group>"; };
		CE35DB222105864800176A41 /* MASConstraintMaker.m */ = {isa = PBXFileReference; fileEncoding = 4; lastKnownFileType = sourcecode.c.objc; path = MASConstraintMaker.m; sourceTree = "<group>"; };
		CE35DB232105864800176A41 /* MASLayoutConstraint.m */ = {isa = PBXFileReference; fileEncoding = 4; lastKnownFileType = sourcecode.c.objc; path = MASLayoutConstraint.m; sourceTree = "<group>"; };
		CE35DB242105864800176A41 /* NSArray+MASAdditions.m */ = {isa = PBXFileReference; fileEncoding = 4; lastKnownFileType = sourcecode.c.objc; path = "NSArray+MASAdditions.m"; sourceTree = "<group>"; };
		CE35DB252105864800176A41 /* View+MASAdditions.m */ = {isa = PBXFileReference; fileEncoding = 4; lastKnownFileType = sourcecode.c.objc; path = "View+MASAdditions.m"; sourceTree = "<group>"; };
		CE35DB262105864800176A41 /* View+MASShorthandAdditions.h */ = {isa = PBXFileReference; fileEncoding = 4; lastKnownFileType = sourcecode.c.h; path = "View+MASShorthandAdditions.h"; sourceTree = "<group>"; };
		CE35DB272105864800176A41 /* Masonry.h */ = {isa = PBXFileReference; fileEncoding = 4; lastKnownFileType = sourcecode.c.h; path = Masonry.h; sourceTree = "<group>"; };
		CE35DB282105864800176A41 /* MASConstraint.m */ = {isa = PBXFileReference; fileEncoding = 4; lastKnownFileType = sourcecode.c.objc; path = MASConstraint.m; sourceTree = "<group>"; };
		CE35DB292105864800176A41 /* ViewController+MASAdditions.h */ = {isa = PBXFileReference; fileEncoding = 4; lastKnownFileType = sourcecode.c.h; path = "ViewController+MASAdditions.h"; sourceTree = "<group>"; };
		CE35DB2A2105864800176A41 /* MASViewConstraint.m */ = {isa = PBXFileReference; fileEncoding = 4; lastKnownFileType = sourcecode.c.objc; path = MASViewConstraint.m; sourceTree = "<group>"; };
		CE35DB2B2105864800176A41 /* MASViewAttribute.m */ = {isa = PBXFileReference; fileEncoding = 4; lastKnownFileType = sourcecode.c.objc; path = MASViewAttribute.m; sourceTree = "<group>"; };
		CE35DB2C2105864800176A41 /* Info.plist */ = {isa = PBXFileReference; fileEncoding = 4; lastKnownFileType = text.plist.xml; path = Info.plist; sourceTree = "<group>"; };
		CE35DB2F2105864800176A41 /* CKKeyboard.h */ = {isa = PBXFileReference; fileEncoding = 4; lastKnownFileType = sourcecode.c.h; path = CKKeyboard.h; sourceTree = "<group>"; };
		CE35DB302105864800176A41 /* CKKeyboard.m */ = {isa = PBXFileReference; fileEncoding = 4; lastKnownFileType = sourcecode.c.objc; path = CKKeyboard.m; sourceTree = "<group>"; };
		CE35DB322105864800176A41 /* NSString+Utils.h */ = {isa = PBXFileReference; fileEncoding = 4; lastKnownFileType = sourcecode.c.h; path = "NSString+Utils.h"; sourceTree = "<group>"; };
		CE35DB332105864800176A41 /* UIImage+Utils.h */ = {isa = PBXFileReference; fileEncoding = 4; lastKnownFileType = sourcecode.c.h; path = "UIImage+Utils.h"; sourceTree = "<group>"; };
		CE35DB342105864800176A41 /* UIView+Extension.h */ = {isa = PBXFileReference; fileEncoding = 4; lastKnownFileType = sourcecode.c.h; path = "UIView+Extension.h"; sourceTree = "<group>"; };
		CE35DB352105864800176A41 /* UIImage+Utils.m */ = {isa = PBXFileReference; fileEncoding = 4; lastKnownFileType = sourcecode.c.objc; path = "UIImage+Utils.m"; sourceTree = "<group>"; };
		CE35DB362105864800176A41 /* NSString+Utils.m */ = {isa = PBXFileReference; fileEncoding = 4; lastKnownFileType = sourcecode.c.objc; path = "NSString+Utils.m"; sourceTree = "<group>"; };
		CE35DB372105864800176A41 /* UIView+Extension.m */ = {isa = PBXFileReference; fileEncoding = 4; lastKnownFileType = sourcecode.c.objc; path = "UIView+Extension.m"; sourceTree = "<group>"; };
		CE35DB392105864800176A41 /* PrefixHeader.pch */ = {isa = PBXFileReference; fileEncoding = 4; lastKnownFileType = sourcecode.c.h; path = PrefixHeader.pch; sourceTree = "<group>"; };
		CE35DB3B2105864800176A41 /* AppDelegate.h */ = {isa = PBXFileReference; fileEncoding = 4; lastKnownFileType = sourcecode.c.h; path = AppDelegate.h; sourceTree = "<group>"; };
		CE35DB3C2105864800176A41 /* AppDelegate.m */ = {isa = PBXFileReference; fileEncoding = 4; lastKnownFileType = sourcecode.c.objc; path = AppDelegate.m; sourceTree = "<group>"; };
		CE35DB402105864800176A41 /* TFImagePicker.h */ = {isa = PBXFileReference; fileEncoding = 4; lastKnownFileType = sourcecode.c.h; path = TFImagePicker.h; sourceTree = "<group>"; };
		CE35DB412105864800176A41 /* TFImagePicker.m */ = {isa = PBXFileReference; fileEncoding = 4; lastKnownFileType = sourcecode.c.objc; path = TFImagePicker.m; sourceTree = "<group>"; };
		CE35DB432105864800176A41 /* TFImageCropViewController.m */ = {isa = PBXFileReference; fileEncoding = 4; lastKnownFileType = sourcecode.c.objc; path = TFImageCropViewController.m; sourceTree = "<group>"; };
		CE35DB442105864800176A41 /* TFCameraViewController.m */ = {isa = PBXFileReference; fileEncoding = 4; lastKnownFileType = sourcecode.c.objc; path = TFCameraViewController.m; sourceTree = "<group>"; };
		CE35DB452105864800176A41 /* TFCameraViewController.h */ = {isa = PBXFileReference; fileEncoding = 4; lastKnownFileType = sourcecode.c.h; path = TFCameraViewController.h; sourceTree = "<group>"; };
		CE35DB462105864800176A41 /* TFImageCropViewController.h */ = {isa = PBXFileReference; fileEncoding = 4; lastKnownFileType = sourcecode.c.h; path = TFImageCropViewController.h; sourceTree = "<group>"; };
		CE35DB482105864800176A41 /* TFImageScrollView.h */ = {isa = PBXFileReference; fileEncoding = 4; lastKnownFileType = sourcecode.c.h; path = TFImageScrollView.h; sourceTree = "<group>"; };
		CE35DB492105864800176A41 /* TFImageScrollView.m */ = {isa = PBXFileReference; fileEncoding = 4; lastKnownFileType = sourcecode.c.objc; path = TFImageScrollView.m; sourceTree = "<group>"; };
		CE35DB4A2105864800176A41 /* TFRootCameraViewController.h */ = {isa = PBXFileReference; fileEncoding = 4; lastKnownFileType = sourcecode.c.h; path = TFRootCameraViewController.h; sourceTree = "<group>"; };
		CE35DB4B2105864800176A41 /* TFRootCameraViewController.m */ = {isa = PBXFileReference; fileEncoding = 4; lastKnownFileType = sourcecode.c.objc; path = TFRootCameraViewController.m; sourceTree = "<group>"; };
		CE35DB4D2105864800176A41 /* flashOpen@3x.png */ = {isa = PBXFileReference; lastKnownFileType = image.png; path = "flashOpen@3x.png"; sourceTree = "<group>"; };
		CE35DB4E2105864800176A41 /* photograph_Select@3x.png */ = {isa = PBXFileReference; lastKnownFileType = image.png; path = "photograph_Select@3x.png"; sourceTree = "<group>"; };
		CE35DB4F2105864800176A41 /* photograph_Select@2x.png */ = {isa = PBXFileReference; lastKnownFileType = image.png; path = "photograph_Select@2x.png"; sourceTree = "<group>"; };
		CE35DB502105864800176A41 /* flashOpen@2x.png */ = {isa = PBXFileReference; lastKnownFileType = image.png; path = "flashOpen@2x.png"; sourceTree = "<group>"; };
		CE35DB512105864800176A41 /* changeCamera@2x.png */ = {isa = PBXFileReference; lastKnownFileType = image.png; path = "changeCamera@2x.png"; sourceTree = "<group>"; };
		CE35DB522105864800176A41 /* changeCamera@3x.png */ = {isa = PBXFileReference; lastKnownFileType = image.png; path = "changeCamera@3x.png"; sourceTree = "<group>"; };
		CE35DB532105864800176A41 /* flash@2x.png */ = {isa = PBXFileReference; lastKnownFileType = image.png; path = "flash@2x.png"; sourceTree = "<group>"; };
		CE35DB542105864800176A41 /* photograph@3x.png */ = {isa = PBXFileReference; lastKnownFileType = image.png; path = "photograph@3x.png"; sourceTree = "<group>"; };
		CE35DB552105864800176A41 /* photograph@2x.png */ = {isa = PBXFileReference; lastKnownFileType = image.png; path = "photograph@2x.png"; sourceTree = "<group>"; };
		CE35DB562105864800176A41 /* flash@3x.png */ = {isa = PBXFileReference; lastKnownFileType = image.png; path = "flash@3x.png"; sourceTree = "<group>"; };
		CE35DB572105864800176A41 /* focus@3x.png */ = {isa = PBXFileReference; lastKnownFileType = image.png; path = "focus@3x.png"; sourceTree = "<group>"; };
		CE35DB582105864800176A41 /* tf_default.jpg */ = {isa = PBXFileReference; lastKnownFileType = image.jpeg; path = tf_default.jpg; sourceTree = "<group>"; };
		CE35DB592105864800176A41 /* focus@2x.png */ = {isa = PBXFileReference; lastKnownFileType = image.png; path = "focus@2x.png"; sourceTree = "<group>"; };
		CE35DB5B2105864800176A41 /* HRScaleSlideViewController.h */ = {isa = PBXFileReference; fileEncoding = 4; lastKnownFileType = sourcecode.c.h; path = HRScaleSlideViewController.h; sourceTree = "<group>"; };
		CE35DB5C2105864800176A41 /* ZDSliderPickerView.h */ = {isa = PBXFileReference; fileEncoding = 4; lastKnownFileType = sourcecode.c.h; path = ZDSliderPickerView.h; sourceTree = "<group>"; };
		CE35DB5D2105864800176A41 /* ZDSliderPickerView.m */ = {isa = PBXFileReference; fileEncoding = 4; lastKnownFileType = sourcecode.c.objc; path = ZDSliderPickerView.m; sourceTree = "<group>"; };
		CE35DB5E2105864800176A41 /* HRScaleSlideViewController.m */ = {isa = PBXFileReference; fileEncoding = 4; lastKnownFileType = sourcecode.c.objc; path = HRScaleSlideViewController.m; sourceTree = "<group>"; };
		CE35DB602105864800176A41 /* TFPayViewController.m */ = {isa = PBXFileReference; fileEncoding = 4; lastKnownFileType = sourcecode.c.objc; path = TFPayViewController.m; sourceTree = "<group>"; };
		CE35DB612105864800176A41 /* HRPayTextField.m */ = {isa = PBXFileReference; fileEncoding = 4; lastKnownFileType = sourcecode.c.objc; path = HRPayTextField.m; sourceTree = "<group>"; };
		CE35DB622105864800176A41 /* TFPayViewController.h */ = {isa = PBXFileReference; fileEncoding = 4; lastKnownFileType = sourcecode.c.h; path = TFPayViewController.h; sourceTree = "<group>"; };
		CE35DB632105864800176A41 /* HRPayTextField.h */ = {isa = PBXFileReference; fileEncoding = 4; lastKnownFileType = sourcecode.c.h; path = HRPayTextField.h; sourceTree = "<group>"; };
		CE35DB8D2105A8A800176A41 /* HRRootTababarViewController.h */ = {isa = PBXFileReference; lastKnownFileType = sourcecode.c.h; path = HRRootTababarViewController.h; sourceTree = "<group>"; };
		CE35DB8E2105A8A800176A41 /* HRRootTababarViewController.m */ = {isa = PBXFileReference; lastKnownFileType = sourcecode.c.objc; path = HRRootTababarViewController.m; sourceTree = "<group>"; };
		CE35DB902105A8EE00176A41 /* HRTabbar.h */ = {isa = PBXFileReference; lastKnownFileType = sourcecode.c.h; path = HRTabbar.h; sourceTree = "<group>"; };
		CE35DB912105A8EE00176A41 /* HRTabbar.m */ = {isa = PBXFileReference; lastKnownFileType = sourcecode.c.objc; path = HRTabbar.m; sourceTree = "<group>"; };
		CE35DB982107286900176A41 /* HomeViewController.h */ = {isa = PBXFileReference; lastKnownFileType = sourcecode.c.h; path = HomeViewController.h; sourceTree = "<group>"; };
		CE35DB992107286900176A41 /* HomeViewController.m */ = {isa = PBXFileReference; lastKnownFileType = sourcecode.c.objc; path = HomeViewController.m; sourceTree = "<group>"; };
		CE35DB9B2107287E00176A41 /* HomeSubViewController.h */ = {isa = PBXFileReference; lastKnownFileType = sourcecode.c.h; path = HomeSubViewController.h; sourceTree = "<group>"; };
		CE35DB9C2107287E00176A41 /* HomeSubViewController.m */ = {isa = PBXFileReference; lastKnownFileType = sourcecode.c.objc; path = HomeSubViewController.m; sourceTree = "<group>"; };
		CE35DBA021072A7700176A41 /* BaseViewController.h */ = {isa = PBXFileReference; lastKnownFileType = sourcecode.c.h; path = BaseViewController.h; sourceTree = "<group>"; };
		CE35DBA121072A7700176A41 /* BaseViewController.m */ = {isa = PBXFileReference; lastKnownFileType = sourcecode.c.objc; path = BaseViewController.m; sourceTree = "<group>"; };
		CE35DBA5210819D000176A41 /* HRNavigationController.h */ = {isa = PBXFileReference; fileEncoding = 4; lastKnownFileType = sourcecode.c.h; path = HRNavigationController.h; sourceTree = "<group>"; };
		CE35DBA6210819D000176A41 /* HRNavigationController.m */ = {isa = PBXFileReference; fileEncoding = 4; lastKnownFileType = sourcecode.c.objc; path = HRNavigationController.m; sourceTree = "<group>"; };
		CE35DBAA210967AC00176A41 /* HomeSubView.h */ = {isa = PBXFileReference; lastKnownFileType = sourcecode.c.h; path = HomeSubView.h; sourceTree = "<group>"; };
		CE35DBAB210967AC00176A41 /* HomeSubView.m */ = {isa = PBXFileReference; lastKnownFileType = sourcecode.c.objc; path = HomeSubView.m; sourceTree = "<group>"; };
		CE47B5F421129B71006F9D5F /* UINavigationController+HRTranition.h */ = {isa = PBXFileReference; fileEncoding = 4; lastKnownFileType = sourcecode.c.h; path = "UINavigationController+HRTranition.h"; sourceTree = "<group>"; };
		CE47B5F521129B71006F9D5F /* UINavigationController+HRTranition.m */ = {isa = PBXFileReference; fileEncoding = 4; lastKnownFileType = sourcecode.c.objc; path = "UINavigationController+HRTranition.m"; sourceTree = "<group>"; };
		CE4A215D215C70BC0078D687 /* circularOverduBills.json */ = {isa = PBXFileReference; fileEncoding = 4; lastKnownFileType = text.json; path = circularOverduBills.json; sourceTree = "<group>"; };
		CE58C4CF211929BA00DC6F2D /* HRCalendarViewController.h */ = {isa = PBXFileReference; lastKnownFileType = sourcecode.c.h; path = HRCalendarViewController.h; sourceTree = "<group>"; };
		CE58C4D0211929BA00DC6F2D /* HRCalendarViewController.m */ = {isa = PBXFileReference; lastKnownFileType = sourcecode.c.objc; path = HRCalendarViewController.m; sourceTree = "<group>"; };
		CE683C732138DF7D00CF6C57 /* HRCircularLoanBillsDetailViewController.h */ = {isa = PBXFileReference; lastKnownFileType = sourcecode.c.h; path = HRCircularLoanBillsDetailViewController.h; sourceTree = "<group>"; };
		CE683C742138DF7D00CF6C57 /* HRCircularLoanBillsDetailViewController.m */ = {isa = PBXFileReference; lastKnownFileType = sourcecode.c.objc; path = HRCircularLoanBillsDetailViewController.m; sourceTree = "<group>"; };
		CE683C762138DFD600CF6C57 /* HRCircularLoanBillDetailCell.h */ = {isa = PBXFileReference; lastKnownFileType = sourcecode.c.h; path = HRCircularLoanBillDetailCell.h; sourceTree = "<group>"; };
		CE683C772138DFD600CF6C57 /* HRCircularLoanBillDetailCell.m */ = {isa = PBXFileReference; lastKnownFileType = sourcecode.c.objc; path = HRCircularLoanBillDetailCell.m; sourceTree = "<group>"; };
		CE683C7A2138EC8B00CF6C57 /* HRCircularLoanBillsDetailModel.h */ = {isa = PBXFileReference; fileEncoding = 4; lastKnownFileType = sourcecode.c.h; path = HRCircularLoanBillsDetailModel.h; sourceTree = "<group>"; };
		CE683C7B2138EC8B00CF6C57 /* HRCircularLoanBillsDetailModel.m */ = {isa = PBXFileReference; fileEncoding = 4; lastKnownFileType = sourcecode.c.objc; path = HRCircularLoanBillsDetailModel.m; sourceTree = "<group>"; };
		CE683C8F214BA66400CF6C57 /* LICENSE */ = {isa = PBXFileReference; fileEncoding = 4; lastKnownFileType = text; path = LICENSE; sourceTree = "<group>"; };
		CE683C90214BA66400CF6C57 /* README.md */ = {isa = PBXFileReference; fileEncoding = 4; lastKnownFileType = net.daringfireball.markdown; path = README.md; sourceTree = "<group>"; };
		CE683C92214BA66400CF6C57 /* UIProgressView+AFNetworking.m */ = {isa = PBXFileReference; fileEncoding = 4; lastKnownFileType = sourcecode.c.objc; path = "UIProgressView+AFNetworking.m"; sourceTree = "<group>"; };
		CE683C93214BA66400CF6C57 /* UIButton+AFNetworking.h */ = {isa = PBXFileReference; fileEncoding = 4; lastKnownFileType = sourcecode.c.h; path = "UIButton+AFNetworking.h"; sourceTree = "<group>"; };
		CE683C94214BA66400CF6C57 /* UIRefreshControl+AFNetworking.m */ = {isa = PBXFileReference; fileEncoding = 4; lastKnownFileType = sourcecode.c.objc; path = "UIRefreshControl+AFNetworking.m"; sourceTree = "<group>"; };
		CE683C95214BA66400CF6C57 /* UIImageView+AFNetworking.h */ = {isa = PBXFileReference; fileEncoding = 4; lastKnownFileType = sourcecode.c.h; path = "UIImageView+AFNetworking.h"; sourceTree = "<group>"; };
		CE683C96214BA66400CF6C57 /* AFImageDownloader.h */ = {isa = PBXFileReference; fileEncoding = 4; lastKnownFileType = sourcecode.c.h; path = AFImageDownloader.h; sourceTree = "<group>"; };
		CE683C97214BA66400CF6C57 /* AFNetworkActivityIndicatorManager.m */ = {isa = PBXFileReference; fileEncoding = 4; lastKnownFileType = sourcecode.c.objc; path = AFNetworkActivityIndicatorManager.m; sourceTree = "<group>"; };
		CE683C98214BA66400CF6C57 /* AFAutoPurgingImageCache.h */ = {isa = PBXFileReference; fileEncoding = 4; lastKnownFileType = sourcecode.c.h; path = AFAutoPurgingImageCache.h; sourceTree = "<group>"; };
		CE683C99214BA66400CF6C57 /* UIWebView+AFNetworking.h */ = {isa = PBXFileReference; fileEncoding = 4; lastKnownFileType = sourcecode.c.h; path = "UIWebView+AFNetworking.h"; sourceTree = "<group>"; };
		CE683C9A214BA66400CF6C57 /* UIActivityIndicatorView+AFNetworking.h */ = {isa = PBXFileReference; fileEncoding = 4; lastKnownFileType = sourcecode.c.h; path = "UIActivityIndicatorView+AFNetworking.h"; sourceTree = "<group>"; };
		CE683C9B214BA66400CF6C57 /* UIImage+AFNetworking.h */ = {isa = PBXFileReference; fileEncoding = 4; lastKnownFileType = sourcecode.c.h; path = "UIImage+AFNetworking.h"; sourceTree = "<group>"; };
		CE683C9C214BA66400CF6C57 /* UIProgressView+AFNetworking.h */ = {isa = PBXFileReference; fileEncoding = 4; lastKnownFileType = sourcecode.c.h; path = "UIProgressView+AFNetworking.h"; sourceTree = "<group>"; };
		CE683C9D214BA66400CF6C57 /* UIImageView+AFNetworking.m */ = {isa = PBXFileReference; fileEncoding = 4; lastKnownFileType = sourcecode.c.objc; path = "UIImageView+AFNetworking.m"; sourceTree = "<group>"; };
		CE683C9E214BA66400CF6C57 /* UIKit+AFNetworking.h */ = {isa = PBXFileReference; fileEncoding = 4; lastKnownFileType = sourcecode.c.h; path = "UIKit+AFNetworking.h"; sourceTree = "<group>"; };
		CE683C9F214BA66400CF6C57 /* UIRefreshControl+AFNetworking.h */ = {isa = PBXFileReference; fileEncoding = 4; lastKnownFileType = sourcecode.c.h; path = "UIRefreshControl+AFNetworking.h"; sourceTree = "<group>"; };
		CE683CA0214BA66400CF6C57 /* UIButton+AFNetworking.m */ = {isa = PBXFileReference; fileEncoding = 4; lastKnownFileType = sourcecode.c.objc; path = "UIButton+AFNetworking.m"; sourceTree = "<group>"; };
		CE683CA1214BA66400CF6C57 /* UIActivityIndicatorView+AFNetworking.m */ = {isa = PBXFileReference; fileEncoding = 4; lastKnownFileType = sourcecode.c.objc; path = "UIActivityIndicatorView+AFNetworking.m"; sourceTree = "<group>"; };
		CE683CA2214BA66400CF6C57 /* UIWebView+AFNetworking.m */ = {isa = PBXFileReference; fileEncoding = 4; lastKnownFileType = sourcecode.c.objc; path = "UIWebView+AFNetworking.m"; sourceTree = "<group>"; };
		CE683CA3214BA66400CF6C57 /* AFAutoPurgingImageCache.m */ = {isa = PBXFileReference; fileEncoding = 4; lastKnownFileType = sourcecode.c.objc; path = AFAutoPurgingImageCache.m; sourceTree = "<group>"; };
		CE683CA4214BA66400CF6C57 /* AFNetworkActivityIndicatorManager.h */ = {isa = PBXFileReference; fileEncoding = 4; lastKnownFileType = sourcecode.c.h; path = AFNetworkActivityIndicatorManager.h; sourceTree = "<group>"; };
		CE683CA5214BA66400CF6C57 /* AFImageDownloader.m */ = {isa = PBXFileReference; fileEncoding = 4; lastKnownFileType = sourcecode.c.objc; path = AFImageDownloader.m; sourceTree = "<group>"; };
		CE683CA7214BA66400CF6C57 /* AFSecurityPolicy.h */ = {isa = PBXFileReference; fileEncoding = 4; lastKnownFileType = sourcecode.c.h; path = AFSecurityPolicy.h; sourceTree = "<group>"; };
		CE683CA8214BA66400CF6C57 /* AFNetworkReachabilityManager.h */ = {isa = PBXFileReference; fileEncoding = 4; lastKnownFileType = sourcecode.c.h; path = AFNetworkReachabilityManager.h; sourceTree = "<group>"; };
		CE683CA9214BA66400CF6C57 /* AFURLSessionManager.h */ = {isa = PBXFileReference; fileEncoding = 4; lastKnownFileType = sourcecode.c.h; path = AFURLSessionManager.h; sourceTree = "<group>"; };
		CE683CAA214BA66400CF6C57 /* AFURLRequestSerialization.h */ = {isa = PBXFileReference; fileEncoding = 4; lastKnownFileType = sourcecode.c.h; path = AFURLRequestSerialization.h; sourceTree = "<group>"; };
		CE683CAB214BA66400CF6C57 /* AFURLResponseSerialization.m */ = {isa = PBXFileReference; fileEncoding = 4; lastKnownFileType = sourcecode.c.objc; path = AFURLResponseSerialization.m; sourceTree = "<group>"; };
		CE683CAC214BA66400CF6C57 /* AFHTTPSessionManager.m */ = {isa = PBXFileReference; fileEncoding = 4; lastKnownFileType = sourcecode.c.objc; path = AFHTTPSessionManager.m; sourceTree = "<group>"; };
		CE683CAD214BA66400CF6C57 /* AFURLResponseSerialization.h */ = {isa = PBXFileReference; fileEncoding = 4; lastKnownFileType = sourcecode.c.h; path = AFURLResponseSerialization.h; sourceTree = "<group>"; };
		CE683CAE214BA66400CF6C57 /* AFURLSessionManager.m */ = {isa = PBXFileReference; fileEncoding = 4; lastKnownFileType = sourcecode.c.objc; path = AFURLSessionManager.m; sourceTree = "<group>"; };
		CE683CAF214BA66400CF6C57 /* AFURLRequestSerialization.m */ = {isa = PBXFileReference; fileEncoding = 4; lastKnownFileType = sourcecode.c.objc; path = AFURLRequestSerialization.m; sourceTree = "<group>"; };
		CE683CB0214BA66400CF6C57 /* AFNetworking.h */ = {isa = PBXFileReference; fileEncoding = 4; lastKnownFileType = sourcecode.c.h; path = AFNetworking.h; sourceTree = "<group>"; };
		CE683CB1214BA66400CF6C57 /* AFNetworkReachabilityManager.m */ = {isa = PBXFileReference; fileEncoding = 4; lastKnownFileType = sourcecode.c.objc; path = AFNetworkReachabilityManager.m; sourceTree = "<group>"; };
		CE683CB2214BA66400CF6C57 /* AFSecurityPolicy.m */ = {isa = PBXFileReference; fileEncoding = 4; lastKnownFileType = sourcecode.c.objc; path = AFSecurityPolicy.m; sourceTree = "<group>"; };
		CE683CB3214BA66400CF6C57 /* AFHTTPSessionManager.h */ = {isa = PBXFileReference; fileEncoding = 4; lastKnownFileType = sourcecode.c.h; path = AFHTTPSessionManager.h; sourceTree = "<group>"; };
		CE683CC5214BA74900CF6C57 /* HRNetworking.h */ = {isa = PBXFileReference; lastKnownFileType = sourcecode.c.h; path = HRNetworking.h; sourceTree = "<group>"; };
		CE683CC6214BA74900CF6C57 /* HRNetworking.m */ = {isa = PBXFileReference; lastKnownFileType = sourcecode.c.objc; path = HRNetworking.m; sourceTree = "<group>"; };
		CE683CCB21523C4800CF6C57 /* YYDiskCache.m */ = {isa = PBXFileReference; fileEncoding = 4; lastKnownFileType = sourcecode.c.objc; path = YYDiskCache.m; sourceTree = "<group>"; };
		CE683CCC21523C4800CF6C57 /* YYKVStorage.h */ = {isa = PBXFileReference; fileEncoding = 4; lastKnownFileType = sourcecode.c.h; path = YYKVStorage.h; sourceTree = "<group>"; };
		CE683CCD21523C4800CF6C57 /* YYCache.m */ = {isa = PBXFileReference; fileEncoding = 4; lastKnownFileType = sourcecode.c.objc; path = YYCache.m; sourceTree = "<group>"; };
		CE683CCE21523C4800CF6C57 /* YYMemoryCache.h */ = {isa = PBXFileReference; fileEncoding = 4; lastKnownFileType = sourcecode.c.h; path = YYMemoryCache.h; sourceTree = "<group>"; };
		CE683CCF21523C4800CF6C57 /* YYDiskCache.h */ = {isa = PBXFileReference; fileEncoding = 4; lastKnownFileType = sourcecode.c.h; path = YYDiskCache.h; sourceTree = "<group>"; };
		CE683CD021523C4800CF6C57 /* YYCache.h */ = {isa = PBXFileReference; fileEncoding = 4; lastKnownFileType = sourcecode.c.h; path = YYCache.h; sourceTree = "<group>"; };
		CE683CD121523C4800CF6C57 /* YYKVStorage.m */ = {isa = PBXFileReference; fileEncoding = 4; lastKnownFileType = sourcecode.c.objc; path = YYKVStorage.m; sourceTree = "<group>"; };
		CE683CD221523C4800CF6C57 /* YYMemoryCache.m */ = {isa = PBXFileReference; fileEncoding = 4; lastKnownFileType = sourcecode.c.objc; path = YYMemoryCache.m; sourceTree = "<group>"; };
		CE683CD421523C4800CF6C57 /* YYClassInfo.h */ = {isa = PBXFileReference; fileEncoding = 4; lastKnownFileType = sourcecode.c.h; path = YYClassInfo.h; sourceTree = "<group>"; };
		CE683CD521523C4800CF6C57 /* YYModel.h */ = {isa = PBXFileReference; fileEncoding = 4; lastKnownFileType = sourcecode.c.h; path = YYModel.h; sourceTree = "<group>"; };
		CE683CD621523C4800CF6C57 /* NSObject+YYModel.m */ = {isa = PBXFileReference; fileEncoding = 4; lastKnownFileType = sourcecode.c.objc; path = "NSObject+YYModel.m"; sourceTree = "<group>"; };
		CE683CD721523C4800CF6C57 /* YYClassInfo.m */ = {isa = PBXFileReference; fileEncoding = 4; lastKnownFileType = sourcecode.c.objc; path = YYClassInfo.m; sourceTree = "<group>"; };
		CE683CD821523C4800CF6C57 /* NSObject+YYModel.h */ = {isa = PBXFileReference; fileEncoding = 4; lastKnownFileType = sourcecode.c.h; path = "NSObject+YYModel.h"; sourceTree = "<group>"; };
		CE683CDF2152403300CF6C57 /* HRNomalMacro.h */ = {isa = PBXFileReference; lastKnownFileType = sourcecode.c.h; path = HRNomalMacro.h; sourceTree = "<group>"; };
		CE683CE02152429C00CF6C57 /* NSObject+Additions.h */ = {isa = PBXFileReference; lastKnownFileType = sourcecode.c.h; path = "NSObject+Additions.h"; sourceTree = "<group>"; };
		CE683CE12152429C00CF6C57 /* NSObject+Additions.m */ = {isa = PBXFileReference; lastKnownFileType = sourcecode.c.objc; path = "NSObject+Additions.m"; sourceTree = "<group>"; };
		CE683CE42152432700CF6C57 /* HRGlobalData.h */ = {isa = PBXFileReference; lastKnownFileType = sourcecode.c.h; path = HRGlobalData.h; sourceTree = "<group>"; };
		CE683CE52152432700CF6C57 /* HRGlobalData.m */ = {isa = PBXFileReference; lastKnownFileType = sourcecode.c.objc; path = HRGlobalData.m; sourceTree = "<group>"; };
		CE6C5CBC202DA6A80033B8EE /* LearnDemo.app */ = {isa = PBXFileReference; explicitFileType = wrapper.application; includeInIndex = 0; path = LearnDemo.app; sourceTree = BUILT_PRODUCTS_DIR; };
		CE6C5CC2202DA6A80033B8EE /* ViewController.h */ = {isa = PBXFileReference; lastKnownFileType = sourcecode.c.h; path = ViewController.h; sourceTree = "<group>"; };
		CE6C5CC3202DA6A80033B8EE /* ViewController.m */ = {isa = PBXFileReference; lastKnownFileType = sourcecode.c.objc; path = ViewController.m; sourceTree = "<group>"; };
		CE6C5CC6202DA6A80033B8EE /* Base */ = {isa = PBXFileReference; lastKnownFileType = file.storyboard; name = Base; path = Base.lproj/Main.storyboard; sourceTree = "<group>"; };
		CE6C5CC8202DA6A80033B8EE /* Assets.xcassets */ = {isa = PBXFileReference; lastKnownFileType = folder.assetcatalog; path = Assets.xcassets; sourceTree = "<group>"; };
		CE6C5CCB202DA6A80033B8EE /* Base */ = {isa = PBXFileReference; lastKnownFileType = file.storyboard; name = Base; path = Base.lproj/LaunchScreen.storyboard; sourceTree = "<group>"; };
		CE6C5CCD202DA6A90033B8EE /* Info.plist */ = {isa = PBXFileReference; lastKnownFileType = text.plist.xml; path = Info.plist; sourceTree = "<group>"; };
		CE6C5CCE202DA6A90033B8EE /* main.m */ = {isa = PBXFileReference; lastKnownFileType = sourcecode.c.objc; path = main.m; sourceTree = "<group>"; };
		CE864015215F501F0045BD88 /* circularEarlyBills.json */ = {isa = PBXFileReference; fileEncoding = 4; lastKnownFileType = text.json; path = circularEarlyBills.json; sourceTree = "<group>"; };
		CE864016215F501F0045BD88 /* circularCurrentBills.json */ = {isa = PBXFileReference; fileEncoding = 4; lastKnownFileType = text.json; path = circularCurrentBills.json; sourceTree = "<group>"; };
		CEB4B67B216AF53300C1A336 /* GreateModel.h */ = {isa = PBXFileReference; lastKnownFileType = sourcecode.c.h; path = GreateModel.h; sourceTree = "<group>"; };
		CEB4B67C216AF53300C1A336 /* GreateModel.m */ = {isa = PBXFileReference; lastKnownFileType = sourcecode.c.objc; path = GreateModel.m; sourceTree = "<group>"; };
		CEB4B67E216AF54A00C1A336 /* StudentModel.h */ = {isa = PBXFileReference; lastKnownFileType = sourcecode.c.h; path = StudentModel.h; sourceTree = "<group>"; };
		CEB4B67F216AF54A00C1A336 /* StudentModel.m */ = {isa = PBXFileReference; lastKnownFileType = sourcecode.c.objc; path = StudentModel.m; sourceTree = "<group>"; };
		CEB4B681216AF55D00C1A336 /* ClassModel.h */ = {isa = PBXFileReference; lastKnownFileType = sourcecode.c.h; path = ClassModel.h; sourceTree = "<group>"; };
		CEB4B682216AF55D00C1A336 /* ClassModel.m */ = {isa = PBXFileReference; lastKnownFileType = sourcecode.c.objc; path = ClassModel.m; sourceTree = "<group>"; };
		CEB4B684216AFB3100C1A336 /* GreateJson.json */ = {isa = PBXFileReference; fileEncoding = 4; lastKnownFileType = text.json; path = GreateJson.json; sourceTree = "<group>"; };
		CEB4B686217423A600C1A336 /* HRNavigationBar.h */ = {isa = PBXFileReference; lastKnownFileType = sourcecode.c.h; path = HRNavigationBar.h; sourceTree = "<group>"; };
		CEB4B687217423A600C1A336 /* HRNavigationBar.m */ = {isa = PBXFileReference; lastKnownFileType = sourcecode.c.objc; path = HRNavigationBar.m; sourceTree = "<group>"; };
/* End PBXFileReference section */

/* Begin PBXFrameworksBuildPhase section */
		CE6C5CB9202DA6A80033B8EE /* Frameworks */ = {
			isa = PBXFrameworksBuildPhase;
			buildActionMask = 2147483647;
			files = (
			);
			runOnlyForDeploymentPostprocessing = 0;
		};
/* End PBXFrameworksBuildPhase section */

/* Begin PBXGroup section */
		471330D421BE781300483CDC /* MBProgressHUD */ = {
			isa = PBXGroup;
			children = (
				471330D521BE781300483CDC /* MBProgressHUD.m */,
				471330D721BE781300483CDC /* MBProgressHUD.h */,
			);
			path = MBProgressHUD;
			sourceTree = "<group>";
		};
		CE35DB112105864800176A41 /* Reference */ = {
			isa = PBXGroup;
			children = (
				471330D421BE781300483CDC /* MBProgressHUD */,
				CE683CC921523C4800CF6C57 /* YYKit */,
				CE683C8E214BA66400CF6C57 /* AFNetworking */,
				CE35DB122105864800176A41 /* Masonry */,
			);
			path = Reference;
			sourceTree = "<group>";
		};
		CE35DB122105864800176A41 /* Masonry */ = {
			isa = PBXGroup;
			children = (
				CE35DB132105864800176A41 /* MASCompositeConstraint.h */,
				CE35DB142105864800176A41 /* NSLayoutConstraint+MASDebugAdditions.m */,
				CE35DB152105864800176A41 /* MASConstraint+Private.h */,
				CE35DB162105864800176A41 /* MASLayoutConstraint.h */,
				CE35DB172105864800176A41 /* NSArray+MASShorthandAdditions.h */,
				CE35DB182105864800176A41 /* MASConstraintMaker.h */,
				CE35DB192105864800176A41 /* View+MASAdditions.h */,
				CE35DB1A2105864800176A41 /* NSArray+MASAdditions.h */,
				CE35DB1B2105864800176A41 /* MASUtilities.h */,
				CE35DB1C2105864800176A41 /* MASViewAttribute.h */,
				CE35DB1D2105864800176A41 /* ViewController+MASAdditions.m */,
				CE35DB1E2105864800176A41 /* MASViewConstraint.h */,
				CE35DB1F2105864800176A41 /* MASConstraint.h */,
				CE35DB202105864800176A41 /* NSLayoutConstraint+MASDebugAdditions.h */,
				CE35DB212105864800176A41 /* MASCompositeConstraint.m */,
				CE35DB222105864800176A41 /* MASConstraintMaker.m */,
				CE35DB232105864800176A41 /* MASLayoutConstraint.m */,
				CE35DB242105864800176A41 /* NSArray+MASAdditions.m */,
				CE35DB252105864800176A41 /* View+MASAdditions.m */,
				CE35DB262105864800176A41 /* View+MASShorthandAdditions.h */,
				CE35DB272105864800176A41 /* Masonry.h */,
				CE35DB282105864800176A41 /* MASConstraint.m */,
				CE35DB292105864800176A41 /* ViewController+MASAdditions.h */,
				CE35DB2A2105864800176A41 /* MASViewConstraint.m */,
				CE35DB2B2105864800176A41 /* MASViewAttribute.m */,
				CE35DB2C2105864800176A41 /* Info.plist */,
			);
			path = Masonry;
			sourceTree = "<group>";
		};
		CE35DB2D2105864800176A41 /* Tools */ = {
			isa = PBXGroup;
			children = (
				CE35DB2E2105864800176A41 /* SecurityKeyBoard */,
			);
			path = Tools;
			sourceTree = "<group>";
		};
		CE35DB2E2105864800176A41 /* SecurityKeyBoard */ = {
			isa = PBXGroup;
			children = (
				CE35DB2F2105864800176A41 /* CKKeyboard.h */,
				CE35DB302105864800176A41 /* CKKeyboard.m */,
			);
			path = SecurityKeyBoard;
			sourceTree = "<group>";
		};
		CE35DB312105864800176A41 /* Category */ = {
			isa = PBXGroup;
			children = (
				CE35DB322105864800176A41 /* NSString+Utils.h */,
				CE35DB362105864800176A41 /* NSString+Utils.m */,
				CE35DB332105864800176A41 /* UIImage+Utils.h */,
				CE35DB352105864800176A41 /* UIImage+Utils.m */,
				CE35DB342105864800176A41 /* UIView+Extension.h */,
				CE35DB372105864800176A41 /* UIView+Extension.m */,
				CE683CE02152429C00CF6C57 /* NSObject+Additions.h */,
				CE683CE12152429C00CF6C57 /* NSObject+Additions.m */,
			);
			path = Category;
			sourceTree = "<group>";
		};
		CE35DB382105864800176A41 /* Header */ = {
			isa = PBXGroup;
			children = (
				CE35DB392105864800176A41 /* PrefixHeader.pch */,
				CE683CDF2152403300CF6C57 /* HRNomalMacro.h */,
			);
			path = Header;
			sourceTree = "<group>";
		};
		CE35DB3A2105864800176A41 /* AppDelegate */ = {
			isa = PBXGroup;
			children = (
				CE35DB3B2105864800176A41 /* AppDelegate.h */,
				CE35DB3C2105864800176A41 /* AppDelegate.m */,
			);
			path = AppDelegate;
			sourceTree = "<group>";
		};
		CE35DB3D2105864800176A41 /* MainPage */ = {
			isa = PBXGroup;
			children = (
				CEB4B67A216AF4F600C1A336 /* HRTestPage */,
				CE683C702138DED600CF6C57 /* HRCircularLoanPage */,
				CE58C4CE211929A000DC6F2D /* HRCalendarPage */,
				CE35DB942107283900176A41 /* HomePage */,
				CE35DB8B2105A82200176A41 /* RootTabbarViewController */,
				CE35DB3E2105864800176A41 /* TFCameraPage */,
				CE35DB5A2105864800176A41 /* HRScaleSlidePage */,
				CE35DB5F2105864800176A41 /* HRPayTextFieldPage */,
			);
			path = MainPage;
			sourceTree = "<group>";
		};
		CE35DB3E2105864800176A41 /* TFCameraPage */ = {
			isa = PBXGroup;
			children = (
				CE35DB3F2105864800176A41 /* TFImagePicker */,
				CE35DB422105864800176A41 /* TFCameraViewController */,
				CE35DB472105864800176A41 /* TFCameraView */,
				CE35DB4A2105864800176A41 /* TFRootCameraViewController.h */,
				CE35DB4B2105864800176A41 /* TFRootCameraViewController.m */,
				CE35DB4C2105864800176A41 /* Resource */,
			);
			path = TFCameraPage;
			sourceTree = "<group>";
		};
		CE35DB3F2105864800176A41 /* TFImagePicker */ = {
			isa = PBXGroup;
			children = (
				CE35DB402105864800176A41 /* TFImagePicker.h */,
				CE35DB412105864800176A41 /* TFImagePicker.m */,
			);
			path = TFImagePicker;
			sourceTree = "<group>";
		};
		CE35DB422105864800176A41 /* TFCameraViewController */ = {
			isa = PBXGroup;
			children = (
				CE35DB452105864800176A41 /* TFCameraViewController.h */,
				CE35DB442105864800176A41 /* TFCameraViewController.m */,
				CE35DB462105864800176A41 /* TFImageCropViewController.h */,
				CE35DB432105864800176A41 /* TFImageCropViewController.m */,
			);
			path = TFCameraViewController;
			sourceTree = "<group>";
		};
		CE35DB472105864800176A41 /* TFCameraView */ = {
			isa = PBXGroup;
			children = (
				CE35DB482105864800176A41 /* TFImageScrollView.h */,
				CE35DB492105864800176A41 /* TFImageScrollView.m */,
			);
			path = TFCameraView;
			sourceTree = "<group>";
		};
		CE35DB4C2105864800176A41 /* Resource */ = {
			isa = PBXGroup;
			children = (
				CE35DB4D2105864800176A41 /* flashOpen@3x.png */,
				CE35DB4E2105864800176A41 /* photograph_Select@3x.png */,
				CE35DB4F2105864800176A41 /* photograph_Select@2x.png */,
				CE35DB502105864800176A41 /* flashOpen@2x.png */,
				CE35DB512105864800176A41 /* changeCamera@2x.png */,
				CE35DB522105864800176A41 /* changeCamera@3x.png */,
				CE35DB532105864800176A41 /* flash@2x.png */,
				CE35DB542105864800176A41 /* photograph@3x.png */,
				CE35DB552105864800176A41 /* photograph@2x.png */,
				CE35DB562105864800176A41 /* flash@3x.png */,
				CE35DB572105864800176A41 /* focus@3x.png */,
				CE35DB582105864800176A41 /* tf_default.jpg */,
				CE35DB592105864800176A41 /* focus@2x.png */,
			);
			path = Resource;
			sourceTree = "<group>";
		};
		CE35DB5A2105864800176A41 /* HRScaleSlidePage */ = {
			isa = PBXGroup;
			children = (
				CE35DB5C2105864800176A41 /* ZDSliderPickerView.h */,
				CE35DB5D2105864800176A41 /* ZDSliderPickerView.m */,
				CE35DB5B2105864800176A41 /* HRScaleSlideViewController.h */,
				CE35DB5E2105864800176A41 /* HRScaleSlideViewController.m */,
			);
			path = HRScaleSlidePage;
			sourceTree = "<group>";
		};
		CE35DB5F2105864800176A41 /* HRPayTextFieldPage */ = {
			isa = PBXGroup;
			children = (
				CE35DB622105864800176A41 /* TFPayViewController.h */,
				CE35DB602105864800176A41 /* TFPayViewController.m */,
				CE35DB632105864800176A41 /* HRPayTextField.h */,
				CE35DB612105864800176A41 /* HRPayTextField.m */,
			);
			path = HRPayTextFieldPage;
			sourceTree = "<group>";
		};
		CE35DB8B2105A82200176A41 /* RootTabbarViewController */ = {
			isa = PBXGroup;
			children = (
				CE35DB8C2105A85300176A41 /* HRTabbar */,
				CE35DB8D2105A8A800176A41 /* HRRootTababarViewController.h */,
				CE35DB8E2105A8A800176A41 /* HRRootTababarViewController.m */,
			);
			path = RootTabbarViewController;
			sourceTree = "<group>";
		};
		CE35DB8C2105A85300176A41 /* HRTabbar */ = {
			isa = PBXGroup;
			children = (
				CE35DB902105A8EE00176A41 /* HRTabbar.h */,
				CE35DB912105A8EE00176A41 /* HRTabbar.m */,
			);
			path = HRTabbar;
			sourceTree = "<group>";
		};
		CE35DB942107283900176A41 /* HomePage */ = {
			isa = PBXGroup;
			children = (
				CE35DB982107286900176A41 /* HomeViewController.h */,
				CE35DB992107286900176A41 /* HomeViewController.m */,
				CE35DB9B2107287E00176A41 /* HomeSubViewController.h */,
				CE35DB9C2107287E00176A41 /* HomeSubViewController.m */,
				CE35DBAA210967AC00176A41 /* HomeSubView.h */,
				CE35DBAB210967AC00176A41 /* HomeSubView.m */,
			);
			path = HomePage;
			sourceTree = "<group>";
		};
		CE35DB9E21072A4500176A41 /* SuperClass */ = {
			isa = PBXGroup;
			children = (
				CE47B5ED21129A63006F9D5F /* HRTranition */,
				CE35DBA4210819D000176A41 /* HRNavigationController */,
				CE35DB9F21072A6D00176A41 /* BaseViewController */,
			);
			name = SuperClass;
			path = MainPage/SuperClass;
			sourceTree = "<group>";
		};
		CE35DB9F21072A6D00176A41 /* BaseViewController */ = {
			isa = PBXGroup;
			children = (
				CE35DBA021072A7700176A41 /* BaseViewController.h */,
				CE35DBA121072A7700176A41 /* BaseViewController.m */,
			);
			path = BaseViewController;
			sourceTree = "<group>";
		};
		CE35DBA4210819D000176A41 /* HRNavigationController */ = {
			isa = PBXGroup;
			children = (
				CE35DBA821081EE800176A41 /* HRNavigationBar */,
				CE35DBA5210819D000176A41 /* HRNavigationController.h */,
				CE35DBA6210819D000176A41 /* HRNavigationController.m */,
			);
			path = HRNavigationController;
			sourceTree = "<group>";
		};
		CE35DBA821081EE800176A41 /* HRNavigationBar */ = {
			isa = PBXGroup;
			children = (
				CEB4B686217423A600C1A336 /* HRNavigationBar.h */,
				CEB4B687217423A600C1A336 /* HRNavigationBar.m */,
			);
			path = HRNavigationBar;
			sourceTree = "<group>";
		};
		CE47B5ED21129A63006F9D5F /* HRTranition */ = {
			isa = PBXGroup;
			children = (
				CE47B5F221129B71006F9D5F /* Animation */,
				CE47B5F321129B71006F9D5F /* Category */,
				CE47B5F121129B71006F9D5F /* Delegate */,
			);
			path = HRTranition;
			sourceTree = "<group>";
		};
		CE47B5F121129B71006F9D5F /* Delegate */ = {
			isa = PBXGroup;
			children = (
			);
			path = Delegate;
			sourceTree = "<group>";
		};
		CE47B5F221129B71006F9D5F /* Animation */ = {
			isa = PBXGroup;
			children = (
			);
			path = Animation;
			sourceTree = "<group>";
		};
		CE47B5F321129B71006F9D5F /* Category */ = {
			isa = PBXGroup;
			children = (
				CE47B5F421129B71006F9D5F /* UINavigationController+HRTranition.h */,
				CE47B5F521129B71006F9D5F /* UINavigationController+HRTranition.m */,
			);
			path = Category;
			sourceTree = "<group>";
		};
		CE58C4CE211929A000DC6F2D /* HRCalendarPage */ = {
			isa = PBXGroup;
			children = (
				CE58C4CF211929BA00DC6F2D /* HRCalendarViewController.h */,
				CE58C4D0211929BA00DC6F2D /* HRCalendarViewController.m */,
			);
			path = HRCalendarPage;
			sourceTree = "<group>";
		};
		CE683C702138DED600CF6C57 /* HRCircularLoanPage */ = {
			isa = PBXGroup;
			children = (
				CE683C792138EC7400CF6C57 /* Model */,
				CE683C722138DF3100CF6C57 /* View */,
				CE683C712138DF1100CF6C57 /* ViewController */,
			);
			path = HRCircularLoanPage;
			sourceTree = "<group>";
		};
		CE683C712138DF1100CF6C57 /* ViewController */ = {
			isa = PBXGroup;
			children = (
				CE683C732138DF7D00CF6C57 /* HRCircularLoanBillsDetailViewController.h */,
				CE683C742138DF7D00CF6C57 /* HRCircularLoanBillsDetailViewController.m */,
			);
			path = ViewController;
			sourceTree = "<group>";
		};
		CE683C722138DF3100CF6C57 /* View */ = {
			isa = PBXGroup;
			children = (
				CE683C762138DFD600CF6C57 /* HRCircularLoanBillDetailCell.h */,
				CE683C772138DFD600CF6C57 /* HRCircularLoanBillDetailCell.m */,
			);
			path = View;
			sourceTree = "<group>";
		};
		CE683C792138EC7400CF6C57 /* Model */ = {
			isa = PBXGroup;
			children = (
				CE864016215F501F0045BD88 /* circularCurrentBills.json */,
				CE864015215F501F0045BD88 /* circularEarlyBills.json */,
				CE4A215D215C70BC0078D687 /* circularOverduBills.json */,
				CE683C7A2138EC8B00CF6C57 /* HRCircularLoanBillsDetailModel.h */,
				CE683C7B2138EC8B00CF6C57 /* HRCircularLoanBillsDetailModel.m */,
			);
			path = Model;
			sourceTree = "<group>";
		};
		CE683C8C214BA5E000CF6C57 /* Net */ = {
			isa = PBXGroup;
			children = (
				CE683CC5214BA74900CF6C57 /* HRNetworking.h */,
				CE683CC6214BA74900CF6C57 /* HRNetworking.m */,
			);
			path = Net;
			sourceTree = "<group>";
		};
		CE683C8E214BA66400CF6C57 /* AFNetworking */ = {
			isa = PBXGroup;
			children = (
				CE683C8F214BA66400CF6C57 /* LICENSE */,
				CE683C90214BA66400CF6C57 /* README.md */,
				CE683C91214BA66400CF6C57 /* UIKit+AFNetworking */,
				CE683CA6214BA66400CF6C57 /* AFNetworking */,
			);
			path = AFNetworking;
			sourceTree = "<group>";
		};
		CE683C91214BA66400CF6C57 /* UIKit+AFNetworking */ = {
			isa = PBXGroup;
			children = (
				CE683C9E214BA66400CF6C57 /* UIKit+AFNetworking.h */,
				CE683C93214BA66400CF6C57 /* UIButton+AFNetworking.h */,
				CE683CA0214BA66400CF6C57 /* UIButton+AFNetworking.m */,
				CE683C95214BA66400CF6C57 /* UIImageView+AFNetworking.h */,
				CE683C9D214BA66400CF6C57 /* UIImageView+AFNetworking.m */,
				CE683C96214BA66400CF6C57 /* AFImageDownloader.h */,
				CE683CA5214BA66400CF6C57 /* AFImageDownloader.m */,
				CE683C98214BA66400CF6C57 /* AFAutoPurgingImageCache.h */,
				CE683CA3214BA66400CF6C57 /* AFAutoPurgingImageCache.m */,
				CE683C9A214BA66400CF6C57 /* UIActivityIndicatorView+AFNetworking.h */,
				CE683CA1214BA66400CF6C57 /* UIActivityIndicatorView+AFNetworking.m */,
				CE683C9C214BA66400CF6C57 /* UIProgressView+AFNetworking.h */,
				CE683C92214BA66400CF6C57 /* UIProgressView+AFNetworking.m */,
				CE683C9B214BA66400CF6C57 /* UIImage+AFNetworking.h */,
				CE683C9F214BA66400CF6C57 /* UIRefreshControl+AFNetworking.h */,
				CE683C94214BA66400CF6C57 /* UIRefreshControl+AFNetworking.m */,
				CE683C99214BA66400CF6C57 /* UIWebView+AFNetworking.h */,
				CE683CA2214BA66400CF6C57 /* UIWebView+AFNetworking.m */,
				CE683CA4214BA66400CF6C57 /* AFNetworkActivityIndicatorManager.h */,
				CE683C97214BA66400CF6C57 /* AFNetworkActivityIndicatorManager.m */,
			);
			path = "UIKit+AFNetworking";
			sourceTree = "<group>";
		};
		CE683CA6214BA66400CF6C57 /* AFNetworking */ = {
			isa = PBXGroup;
			children = (
				CE683CB0214BA66400CF6C57 /* AFNetworking.h */,
				CE683CA7214BA66400CF6C57 /* AFSecurityPolicy.h */,
				CE683CB2214BA66400CF6C57 /* AFSecurityPolicy.m */,
				CE683CA8214BA66400CF6C57 /* AFNetworkReachabilityManager.h */,
				CE683CB1214BA66400CF6C57 /* AFNetworkReachabilityManager.m */,
				CE683CAA214BA66400CF6C57 /* AFURLRequestSerialization.h */,
				CE683CAF214BA66400CF6C57 /* AFURLRequestSerialization.m */,
				CE683CAD214BA66400CF6C57 /* AFURLResponseSerialization.h */,
				CE683CAB214BA66400CF6C57 /* AFURLResponseSerialization.m */,
				CE683CAC214BA66400CF6C57 /* AFHTTPSessionManager.m */,
				CE683CA9214BA66400CF6C57 /* AFURLSessionManager.h */,
				CE683CAE214BA66400CF6C57 /* AFURLSessionManager.m */,
				CE683CB3214BA66400CF6C57 /* AFHTTPSessionManager.h */,
			);
			path = AFNetworking;
			sourceTree = "<group>";
		};
		CE683CC921523C4800CF6C57 /* YYKit */ = {
			isa = PBXGroup;
			children = (
				CE683CCA21523C4800CF6C57 /* YYCache */,
				CE683CD321523C4800CF6C57 /* YYModel */,
			);
			path = YYKit;
			sourceTree = "<group>";
		};
		CE683CCA21523C4800CF6C57 /* YYCache */ = {
			isa = PBXGroup;
			children = (
				CE683CCB21523C4800CF6C57 /* YYDiskCache.m */,
				CE683CCC21523C4800CF6C57 /* YYKVStorage.h */,
				CE683CCD21523C4800CF6C57 /* YYCache.m */,
				CE683CCE21523C4800CF6C57 /* YYMemoryCache.h */,
				CE683CCF21523C4800CF6C57 /* YYDiskCache.h */,
				CE683CD021523C4800CF6C57 /* YYCache.h */,
				CE683CD121523C4800CF6C57 /* YYKVStorage.m */,
				CE683CD221523C4800CF6C57 /* YYMemoryCache.m */,
			);
			path = YYCache;
			sourceTree = "<group>";
		};
		CE683CD321523C4800CF6C57 /* YYModel */ = {
			isa = PBXGroup;
			children = (
				CE683CD521523C4800CF6C57 /* YYModel.h */,
				CE683CD421523C4800CF6C57 /* YYClassInfo.h */,
				CE683CD721523C4800CF6C57 /* YYClassInfo.m */,
				CE683CD821523C4800CF6C57 /* NSObject+YYModel.h */,
				CE683CD621523C4800CF6C57 /* NSObject+YYModel.m */,
			);
			path = YYModel;
			sourceTree = "<group>";
		};
		CE683CE3215242F500CF6C57 /* HRGlobalData */ = {
			isa = PBXGroup;
			children = (
				CE683CE42152432700CF6C57 /* HRGlobalData.h */,
				CE683CE52152432700CF6C57 /* HRGlobalData.m */,
			);
			path = HRGlobalData;
			sourceTree = "<group>";
		};
		CE6C5CB3202DA6A80033B8EE = {
			isa = PBXGroup;
			children = (
				CE6C5CBE202DA6A80033B8EE /* LearnDemo */,
				CE6C5CBD202DA6A80033B8EE /* Products */,
			);
			sourceTree = "<group>";
		};
		CE6C5CBD202DA6A80033B8EE /* Products */ = {
			isa = PBXGroup;
			children = (
				CE6C5CBC202DA6A80033B8EE /* LearnDemo.app */,
			);
			name = Products;
			sourceTree = "<group>";
		};
		CE6C5CBE202DA6A80033B8EE /* LearnDemo */ = {
			isa = PBXGroup;
			children = (
				CE35DB3A2105864800176A41 /* AppDelegate */,
				CE683CE3215242F500CF6C57 /* HRGlobalData */,
				CE35DB312105864800176A41 /* Category */,
				CE683C8C214BA5E000CF6C57 /* Net */,
				CE35DB382105864800176A41 /* Header */,
				CE35DB3D2105864800176A41 /* MainPage */,
				CE35DB9E21072A4500176A41 /* SuperClass */,
				CE35DB112105864800176A41 /* Reference */,
				CE35DB2D2105864800176A41 /* Tools */,
				CE6C5CC2202DA6A80033B8EE /* ViewController.h */,
				CE6C5CC3202DA6A80033B8EE /* ViewController.m */,
				CE6C5CC5202DA6A80033B8EE /* Main.storyboard */,
				CE6C5CC8202DA6A80033B8EE /* Assets.xcassets */,
				CE6C5CCA202DA6A80033B8EE /* LaunchScreen.storyboard */,
				CE6C5CCD202DA6A90033B8EE /* Info.plist */,
				CE6C5CCE202DA6A90033B8EE /* main.m */,
			);
			path = LearnDemo;
			sourceTree = "<group>";
		};
		CEB4B67A216AF4F600C1A336 /* HRTestPage */ = {
			isa = PBXGroup;
			children = (
				CEB4B684216AFB3100C1A336 /* GreateJson.json */,
				CEB4B67B216AF53300C1A336 /* GreateModel.h */,
				CEB4B67C216AF53300C1A336 /* GreateModel.m */,
				CEB4B681216AF55D00C1A336 /* ClassModel.h */,
				CEB4B682216AF55D00C1A336 /* ClassModel.m */,
				CEB4B67E216AF54A00C1A336 /* StudentModel.h */,
				CEB4B67F216AF54A00C1A336 /* StudentModel.m */,
			);
			path = HRTestPage;
			sourceTree = "<group>";
		};
/* End PBXGroup section */

/* Begin PBXNativeTarget section */
		CE6C5CBB202DA6A80033B8EE /* LearnDemo */ = {
			isa = PBXNativeTarget;
			buildConfigurationList = CE6C5CD2202DA6A90033B8EE /* Build configuration list for PBXNativeTarget "LearnDemo" */;
			buildPhases = (
				CE6C5CB8202DA6A80033B8EE /* Sources */,
				CE6C5CB9202DA6A80033B8EE /* Frameworks */,
				CE6C5CBA202DA6A80033B8EE /* Resources */,
			);
			buildRules = (
			);
			dependencies = (
			);
			name = LearnDemo;
			productName = LearnDemo;
			productReference = CE6C5CBC202DA6A80033B8EE /* LearnDemo.app */;
			productType = "com.apple.product-type.application";
		};
/* End PBXNativeTarget section */

/* Begin PBXProject section */
		CE6C5CB4202DA6A80033B8EE /* Project object */ = {
			isa = PBXProject;
			attributes = {
				LastUpgradeCheck = 0920;
				ORGANIZATIONNAME = huarong;
				TargetAttributes = {
					CE6C5CBB202DA6A80033B8EE = {
						CreatedOnToolsVersion = 9.2;
						ProvisioningStyle = Manual;
					};
				};
			};
			buildConfigurationList = CE6C5CB7202DA6A80033B8EE /* Build configuration list for PBXProject "LearnDemo" */;
			compatibilityVersion = "Xcode 8.0";
			developmentRegion = en;
			hasScannedForEncodings = 0;
			knownRegions = (
				en,
				Base,
			);
			mainGroup = CE6C5CB3202DA6A80033B8EE;
			productRefGroup = CE6C5CBD202DA6A80033B8EE /* Products */;
			projectDirPath = "";
			projectRoot = "";
			targets = (
				CE6C5CBB202DA6A80033B8EE /* LearnDemo */,
			);
		};
/* End PBXProject section */

/* Begin PBXResourcesBuildPhase section */
		CE6C5CBA202DA6A80033B8EE /* Resources */ = {
			isa = PBXResourcesBuildPhase;
			buildActionMask = 2147483647;
			files = (
				CE35DB7B2105864800176A41 /* photograph_Select@2x.png in Resources */,
				CE35DB7D2105864800176A41 /* changeCamera@2x.png in Resources */,
				CE35DB792105864800176A41 /* flashOpen@3x.png in Resources */,
				CE864017215F501F0045BD88 /* circularEarlyBills.json in Resources */,
				CE6C5CCC202DA6A80033B8EE /* LaunchScreen.storyboard in Resources */,
				CE35DB7A2105864800176A41 /* photograph_Select@3x.png in Resources */,
				CE683CB4214BA66400CF6C57 /* LICENSE in Resources */,
				CE35DB7E2105864800176A41 /* changeCamera@3x.png in Resources */,
				CE35DB852105864800176A41 /* focus@2x.png in Resources */,
				CE35DB802105864800176A41 /* photograph@3x.png in Resources */,
				CE35DB7F2105864800176A41 /* flash@2x.png in Resources */,
				CE35DB7C2105864800176A41 /* flashOpen@2x.png in Resources */,
				CE4A215E215C70BC0078D687 /* circularOverduBills.json in Resources */,
				CE35DB822105864800176A41 /* flash@3x.png in Resources */,
				CE683CB5214BA66400CF6C57 /* README.md in Resources */,
				CE35DB842105864800176A41 /* tf_default.jpg in Resources */,
				CE864018215F501F0045BD88 /* circularCurrentBills.json in Resources */,
				CEB4B685216AFB3100C1A336 /* GreateJson.json in Resources */,
				CE35DB832105864800176A41 /* focus@3x.png in Resources */,
				CE6C5CC9202DA6A80033B8EE /* Assets.xcassets in Resources */,
				CE6C5CC7202DA6A80033B8EE /* Main.storyboard in Resources */,
				CE35DB812105864800176A41 /* photograph@2x.png in Resources */,
			);
			runOnlyForDeploymentPostprocessing = 0;
		};
/* End PBXResourcesBuildPhase section */

/* Begin PBXSourcesBuildPhase section */
		CE6C5CB8202DA6A80033B8EE /* Sources */ = {
			isa = PBXSourcesBuildPhase;
			buildActionMask = 2147483647;
			files = (
				CE683CB8214BA66400CF6C57 /* AFNetworkActivityIndicatorManager.m in Sources */,
				CEB4B680216AF54A00C1A336 /* StudentModel.m in Sources */,
				CE683CDD21523C4800CF6C57 /* NSObject+YYModel.m in Sources */,
				CE35DB882105864800176A41 /* TFPayViewController.m in Sources */,
				CE683CBC214BA66400CF6C57 /* UIWebView+AFNetworking.m in Sources */,
				CE35DBA7210819D000176A41 /* HRNavigationController.m in Sources */,
				CE683CB7214BA66400CF6C57 /* UIRefreshControl+AFNetworking.m in Sources */,
				CE47B5F621129B71006F9D5F /* UINavigationController+HRTranition.m in Sources */,
				CE683C7C2138EC8B00CF6C57 /* HRCircularLoanBillsDetailModel.m in Sources */,
				CE683CBD214BA66400CF6C57 /* AFAutoPurgingImageCache.m in Sources */,
				CE0797BA20805C2E001D02C3 /* main.m in Sources */,
				CE35DB6C2105864800176A41 /* MASViewConstraint.m in Sources */,
				471330D921BE781300483CDC /* MBProgressHUD.m in Sources */,
				CE683C752138DF7D00CF6C57 /* HRCircularLoanBillsDetailViewController.m in Sources */,
				CEEF0D2C20745A3B00B422F2 /* ViewController.m in Sources */,
				CE683CD921523C4800CF6C57 /* YYDiskCache.m in Sources */,
				CE683CC2214BA66400CF6C57 /* AFURLRequestSerialization.m in Sources */,
				CE683CBE214BA66400CF6C57 /* AFImageDownloader.m in Sources */,
				CE683CC3214BA66400CF6C57 /* AFNetworkReachabilityManager.m in Sources */,
				CE35DB892105864800176A41 /* HRPayTextField.m in Sources */,
				CEB4B688217423A600C1A336 /* HRNavigationBar.m in Sources */,
				CE683CE22152429C00CF6C57 /* NSObject+Additions.m in Sources */,
				CE35DB752105864800176A41 /* TFImageCropViewController.m in Sources */,
				CEB4B683216AF55D00C1A336 /* ClassModel.m in Sources */,
				CE683CC7214BA74900CF6C57 /* HRNetworking.m in Sources */,
				CE683CBA214BA66400CF6C57 /* UIButton+AFNetworking.m in Sources */,
				CE35DB9D2107287E00176A41 /* HomeSubViewController.m in Sources */,
				CE683CBB214BA66400CF6C57 /* UIActivityIndicatorView+AFNetworking.m in Sources */,
				CE35DB9A2107286900176A41 /* HomeViewController.m in Sources */,
				CE35DB922105A8EE00176A41 /* HRTabbar.m in Sources */,
				CE35DB702105864800176A41 /* UIImage+Utils.m in Sources */,
				CE35DB762105864800176A41 /* TFCameraViewController.m in Sources */,
				CE35DB652105864800176A41 /* ViewController+MASAdditions.m in Sources */,
				CE683CDE21523C4800CF6C57 /* YYClassInfo.m in Sources */,
				CE683CC4214BA66400CF6C57 /* AFSecurityPolicy.m in Sources */,
				CE35DB682105864800176A41 /* MASLayoutConstraint.m in Sources */,
				CE683CB9214BA66400CF6C57 /* UIImageView+AFNetworking.m in Sources */,
				CE683CC1214BA66400CF6C57 /* AFURLSessionManager.m in Sources */,
				CE35DB6D2105864800176A41 /* MASViewAttribute.m in Sources */,
				CE35DB872105864800176A41 /* HRScaleSlideViewController.m in Sources */,
				CE35DB712105864800176A41 /* NSString+Utils.m in Sources */,
				CE683CDA21523C4800CF6C57 /* YYCache.m in Sources */,
				CE35DB8F2105A8A800176A41 /* HRRootTababarViewController.m in Sources */,
				CE683C782138DFD600CF6C57 /* HRCircularLoanBillDetailCell.m in Sources */,
				CE683CE62152432700CF6C57 /* HRGlobalData.m in Sources */,
				CE35DBA221072A7700176A41 /* BaseViewController.m in Sources */,
				CE35DB6B2105864800176A41 /* MASConstraint.m in Sources */,
				CE683CDC21523C4800CF6C57 /* YYMemoryCache.m in Sources */,
				CE683CDB21523C4800CF6C57 /* YYKVStorage.m in Sources */,
				CE35DB782105864800176A41 /* TFRootCameraViewController.m in Sources */,
				CE683CB6214BA66400CF6C57 /* UIProgressView+AFNetworking.m in Sources */,
				CE35DB742105864800176A41 /* TFImagePicker.m in Sources */,
				CE35DB692105864800176A41 /* NSArray+MASAdditions.m in Sources */,
				CE35DB642105864800176A41 /* NSLayoutConstraint+MASDebugAdditions.m in Sources */,
				CE35DB6F2105864800176A41 /* CKKeyboard.m in Sources */,
				CE35DBAC210967AC00176A41 /* HomeSubView.m in Sources */,
				CE35DB862105864800176A41 /* ZDSliderPickerView.m in Sources */,
				CE683CC0214BA66400CF6C57 /* AFHTTPSessionManager.m in Sources */,
				CE35DB772105864800176A41 /* TFImageScrollView.m in Sources */,
				CE35DB662105864800176A41 /* MASCompositeConstraint.m in Sources */,
				CE35DB672105864800176A41 /* MASConstraintMaker.m in Sources */,
				CE35DB732105864800176A41 /* AppDelegate.m in Sources */,
				CEB4B67D216AF53300C1A336 /* GreateModel.m in Sources */,
				CE58C4D1211929BA00DC6F2D /* HRCalendarViewController.m in Sources */,
				CE35DB722105864800176A41 /* UIView+Extension.m in Sources */,
				CE683CBF214BA66400CF6C57 /* AFURLResponseSerialization.m in Sources */,
				CE35DB6A2105864800176A41 /* View+MASAdditions.m in Sources */,
			);
			runOnlyForDeploymentPostprocessing = 0;
		};
/* End PBXSourcesBuildPhase section */

/* Begin PBXVariantGroup section */
		CE6C5CC5202DA6A80033B8EE /* Main.storyboard */ = {
			isa = PBXVariantGroup;
			children = (
				CE6C5CC6202DA6A80033B8EE /* Base */,
			);
			name = Main.storyboard;
			sourceTree = "<group>";
		};
		CE6C5CCA202DA6A80033B8EE /* LaunchScreen.storyboard */ = {
			isa = PBXVariantGroup;
			children = (
				CE6C5CCB202DA6A80033B8EE /* Base */,
			);
			name = LaunchScreen.storyboard;
			sourceTree = "<group>";
		};
/* End PBXVariantGroup section */

/* Begin XCBuildConfiguration section */
		CE6C5CD0202DA6A90033B8EE /* Debug */ = {
			isa = XCBuildConfiguration;
			buildSettings = {
				ALWAYS_SEARCH_USER_PATHS = NO;
				CLANG_ANALYZER_NONNULL = YES;
				CLANG_ANALYZER_NUMBER_OBJECT_CONVERSION = YES_AGGRESSIVE;
				CLANG_CXX_LANGUAGE_STANDARD = "gnu++14";
				CLANG_CXX_LIBRARY = "libc++";
				CLANG_ENABLE_MODULES = YES;
				CLANG_ENABLE_OBJC_ARC = YES;
				CLANG_WARN_BLOCK_CAPTURE_AUTORELEASING = YES;
				CLANG_WARN_BOOL_CONVERSION = YES;
				CLANG_WARN_COMMA = YES;
				CLANG_WARN_CONSTANT_CONVERSION = YES;
				CLANG_WARN_DIRECT_OBJC_ISA_USAGE = YES_ERROR;
				CLANG_WARN_DOCUMENTATION_COMMENTS = YES;
				CLANG_WARN_EMPTY_BODY = YES;
				CLANG_WARN_ENUM_CONVERSION = YES;
				CLANG_WARN_INFINITE_RECURSION = YES;
				CLANG_WARN_INT_CONVERSION = YES;
				CLANG_WARN_NON_LITERAL_NULL_CONVERSION = YES;
				CLANG_WARN_OBJC_LITERAL_CONVERSION = YES;
				CLANG_WARN_OBJC_ROOT_CLASS = YES_ERROR;
				CLANG_WARN_RANGE_LOOP_ANALYSIS = YES;
				CLANG_WARN_STRICT_PROTOTYPES = YES;
				CLANG_WARN_SUSPICIOUS_MOVE = YES;
				CLANG_WARN_UNGUARDED_AVAILABILITY = YES_AGGRESSIVE;
				CLANG_WARN_UNREACHABLE_CODE = YES;
				CLANG_WARN__DUPLICATE_METHOD_MATCH = YES;
				CODE_SIGN_IDENTITY = "iPhone Developer";
				COPY_PHASE_STRIP = NO;
				DEBUG_INFORMATION_FORMAT = dwarf;
				ENABLE_STRICT_OBJC_MSGSEND = YES;
				ENABLE_TESTABILITY = YES;
				GCC_C_LANGUAGE_STANDARD = gnu11;
				GCC_DYNAMIC_NO_PIC = NO;
				GCC_NO_COMMON_BLOCKS = YES;
				GCC_OPTIMIZATION_LEVEL = 0;
				GCC_PREPROCESSOR_DEFINITIONS = (
					"DEBUG=1",
					"$(inherited)",
				);
				GCC_WARN_64_TO_32_BIT_CONVERSION = YES;
				GCC_WARN_ABOUT_RETURN_TYPE = YES_ERROR;
				GCC_WARN_UNDECLARED_SELECTOR = YES;
				GCC_WARN_UNINITIALIZED_AUTOS = YES_AGGRESSIVE;
				GCC_WARN_UNUSED_FUNCTION = YES;
				GCC_WARN_UNUSED_VARIABLE = YES;
				IPHONEOS_DEPLOYMENT_TARGET = 11.2;
				MTL_ENABLE_DEBUG_INFO = YES;
				ONLY_ACTIVE_ARCH = YES;
				SDKROOT = iphoneos;
			};
			name = Debug;
		};
		CE6C5CD1202DA6A90033B8EE /* Release */ = {
			isa = XCBuildConfiguration;
			buildSettings = {
				ALWAYS_SEARCH_USER_PATHS = NO;
				CLANG_ANALYZER_NONNULL = YES;
				CLANG_ANALYZER_NUMBER_OBJECT_CONVERSION = YES_AGGRESSIVE;
				CLANG_CXX_LANGUAGE_STANDARD = "gnu++14";
				CLANG_CXX_LIBRARY = "libc++";
				CLANG_ENABLE_MODULES = YES;
				CLANG_ENABLE_OBJC_ARC = YES;
				CLANG_WARN_BLOCK_CAPTURE_AUTORELEASING = YES;
				CLANG_WARN_BOOL_CONVERSION = YES;
				CLANG_WARN_COMMA = YES;
				CLANG_WARN_CONSTANT_CONVERSION = YES;
				CLANG_WARN_DIRECT_OBJC_ISA_USAGE = YES_ERROR;
				CLANG_WARN_DOCUMENTATION_COMMENTS = YES;
				CLANG_WARN_EMPTY_BODY = YES;
				CLANG_WARN_ENUM_CONVERSION = YES;
				CLANG_WARN_INFINITE_RECURSION = YES;
				CLANG_WARN_INT_CONVERSION = YES;
				CLANG_WARN_NON_LITERAL_NULL_CONVERSION = YES;
				CLANG_WARN_OBJC_LITERAL_CONVERSION = YES;
				CLANG_WARN_OBJC_ROOT_CLASS = YES_ERROR;
				CLANG_WARN_RANGE_LOOP_ANALYSIS = YES;
				CLANG_WARN_STRICT_PROTOTYPES = YES;
				CLANG_WARN_SUSPICIOUS_MOVE = YES;
				CLANG_WARN_UNGUARDED_AVAILABILITY = YES_AGGRESSIVE;
				CLANG_WARN_UNREACHABLE_CODE = YES;
				CLANG_WARN__DUPLICATE_METHOD_MATCH = YES;
				CODE_SIGN_IDENTITY = "iPhone Developer";
				COPY_PHASE_STRIP = NO;
				DEBUG_INFORMATION_FORMAT = "dwarf-with-dsym";
				ENABLE_NS_ASSERTIONS = NO;
				ENABLE_STRICT_OBJC_MSGSEND = YES;
				GCC_C_LANGUAGE_STANDARD = gnu11;
				GCC_NO_COMMON_BLOCKS = YES;
				GCC_WARN_64_TO_32_BIT_CONVERSION = YES;
				GCC_WARN_ABOUT_RETURN_TYPE = YES_ERROR;
				GCC_WARN_UNDECLARED_SELECTOR = YES;
				GCC_WARN_UNINITIALIZED_AUTOS = YES_AGGRESSIVE;
				GCC_WARN_UNUSED_FUNCTION = YES;
				GCC_WARN_UNUSED_VARIABLE = YES;
				IPHONEOS_DEPLOYMENT_TARGET = 11.2;
				MTL_ENABLE_DEBUG_INFO = NO;
				SDKROOT = iphoneos;
				VALIDATE_PRODUCT = YES;
			};
			name = Release;
		};
		CE6C5CD3202DA6A90033B8EE /* Debug */ = {
			isa = XCBuildConfiguration;
			buildSettings = {
				ASSETCATALOG_COMPILER_APPICON_NAME = AppIcon;
				CODE_SIGN_IDENTITY = "iPhone Developer: 宇劢 陈 (6T62XCBW26)";
				CODE_SIGN_STYLE = Manual;
				DEVELOPMENT_TEAM = C86RN5RXW8;
				GCC_PREFIX_HEADER = "$(SRCROOT)/LearnDemo/Header/PrefixHeader.pch";
				INFOPLIST_FILE = LearnDemo/Info.plist;
				IPHONEOS_DEPLOYMENT_TARGET = 9.0;
				LD_RUNPATH_SEARCH_PATHS = "$(inherited) @executable_path/Frameworks";
				PRODUCT_BUNDLE_IDENTIFIER = com.cib.chamc.hrcfc;
				PRODUCT_NAME = "$(TARGET_NAME)";
				PROVISIONING_PROFILE = "8b9978ad-e81e-410d-9107-77d67b1d8f22";
				PROVISIONING_PROFILE_SPECIFIER = WildcardAppId_Dev_Profile;
				TARGETED_DEVICE_FAMILY = "1,2";
			};
			name = Debug;
		};
		CE6C5CD4202DA6A90033B8EE /* Release */ = {
			isa = XCBuildConfiguration;
			buildSettings = {
				ASSETCATALOG_COMPILER_APPICON_NAME = AppIcon;
				CODE_SIGN_IDENTITY = "iPhone Developer: 宇劢 陈 (6T62XCBW26)";
				CODE_SIGN_STYLE = Manual;
				DEVELOPMENT_TEAM = "";
				GCC_PREFIX_HEADER = "$(SRCROOT)/LearnDemo/Header/PrefixHeader.pch";
				INFOPLIST_FILE = LearnDemo/Info.plist;
				IPHONEOS_DEPLOYMENT_TARGET = 9.0;
				LD_RUNPATH_SEARCH_PATHS = "$(inherited) @executable_path/Frameworks";
				PRODUCT_BUNDLE_IDENTIFIER = com.cib.chamc.hrcfc;
				PRODUCT_NAME = "$(TARGET_NAME)";
				PROVISIONING_PROFILE = "ea7ea0e7-a833-40d3-93ee-c47e1cad4a04";
				PROVISIONING_PROFILE_SPECIFIER = hrcfc_deve;
				TARGETED_DEVICE_FAMILY = "1,2";
			};
			name = Release;
		};
/* End XCBuildConfiguration section */

/* Begin XCConfigurationList section */
		CE6C5CB7202DA6A80033B8EE /* Build configuration list for PBXProject "LearnDemo" */ = {
			isa = XCConfigurationList;
			buildConfigurations = (
				CE6C5CD0202DA6A90033B8EE /* Debug */,
				CE6C5CD1202DA6A90033B8EE /* Release */,
			);
			defaultConfigurationIsVisible = 0;
			defaultConfigurationName = Release;
		};
		CE6C5CD2202DA6A90033B8EE /* Build configuration list for PBXNativeTarget "LearnDemo" */ = {
			isa = XCConfigurationList;
			buildConfigurations = (
				CE6C5CD3202DA6A90033B8EE /* Debug */,
				CE6C5CD4202DA6A90033B8EE /* Release */,
			);
			defaultConfigurationIsVisible = 0;
			defaultConfigurationName = Release;
		};
/* End XCConfigurationList section */
	};
	rootObject = CE6C5CB4202DA6A80033B8EE /* Project object */;
}
